// !$*UTF8*$!
{
	archiveVersion = 1;
	classes = {
	};
	objectVersion = 48;
	objects = {

/* Begin PBXBuildFile section */
		136CA218237E37B500312843 /* AppDelegate.m in Sources */ = {isa = PBXBuildFile; fileRef = 136CA217237E37B500312843 /* AppDelegate.m */; };
		136CA223237E37B600312843 /* Assets.xcassets in Resources */ = {isa = PBXBuildFile; fileRef = 136CA222237E37B600312843 /* Assets.xcassets */; };
		136CA229237E37B600312843 /* main.m in Sources */ = {isa = PBXBuildFile; fileRef = 136CA228237E37B600312843 /* main.m */; };
		2DBB3F43288E9A2F00F244FF /* FaceUnity.strings in Resources */ = {isa = PBXBuildFile; fileRef = 2DBB3F27288E9A2E00F244FF /* FaceUnity.strings */; };
		2DBB3F44288E9A2F00F244FF /* oumei.bundle in Resources */ = {isa = PBXBuildFile; fileRef = 2DBB3F2A288E9A2E00F244FF /* oumei.bundle */; };
		2DBB3F45288E9A2F00F244FF /* Rose.bundle in Resources */ = {isa = PBXBuildFile; fileRef = 2DBB3F2B288E9A2E00F244FF /* Rose.bundle */; };
		2DBB3F46288E9A2F00F244FF /* linjia.bundle in Resources */ = {isa = PBXBuildFile; fileRef = 2DBB3F2C288E9A2E00F244FF /* linjia.bundle */; };
		2DBB3F47288E9A2F00F244FF /* yanshimao.bundle in Resources */ = {isa = PBXBuildFile; fileRef = 2DBB3F2D288E9A2E00F244FF /* yanshimao.bundle */; };
		2DBB3F48288E9A2F00F244FF /* tianmei.bundle in Resources */ = {isa = PBXBuildFile; fileRef = 2DBB3F2E288E9A2E00F244FF /* tianmei.bundle */; };
		2DBB3F49288E9A2F00F244FF /* ziyun.bundle in Resources */ = {isa = PBXBuildFile; fileRef = 2DBB3F2F288E9A2E00F244FF /* ziyun.bundle */; };
		2DBB3F4A288E9A2F00F244FF /* chaomo.bundle in Resources */ = {isa = PBXBuildFile; fileRef = 2DBB3F30288E9A2E00F244FF /* chaomo.bundle */; };
		2DBB3F4B288E9A2F00F244FF /* hongfeng.bundle in Resources */ = {isa = PBXBuildFile; fileRef = 2DBB3F31288E9A2E00F244FF /* hongfeng.bundle */; };
		2DBB3F4C288E9A2F00F244FF /* jianling.bundle in Resources */ = {isa = PBXBuildFile; fileRef = 2DBB3F32288E9A2E00F244FF /* jianling.bundle */; };
		2DBB3F4D288E9A2F00F244FF /* gangfeng.bundle in Resources */ = {isa = PBXBuildFile; fileRef = 2DBB3F33288E9A2E00F244FF /* gangfeng.bundle */; };
		2DBB3F4E288E9A2F00F244FF /* chuju.bundle in Resources */ = {isa = PBXBuildFile; fileRef = 2DBB3F34288E9A2E00F244FF /* chuju.bundle */; };
		2DBB3F4F288E9A2F00F244FF /* renyu.bundle in Resources */ = {isa = PBXBuildFile; fileRef = 2DBB3F35288E9A2E00F244FF /* renyu.bundle */; };
		2DBB3F50288E9A2F00F244FF /* qianzhihe.bundle in Resources */ = {isa = PBXBuildFile; fileRef = 2DBB3F36288E9A2F00F244FF /* qianzhihe.bundle */; };
		2DBB3F51288E9A2F00F244FF /* wumei.bundle in Resources */ = {isa = PBXBuildFile; fileRef = 2DBB3F37288E9A2F00F244FF /* wumei.bundle */; };
		2DBB3F52288E9A2F00F244FF /* shaonv.bundle in Resources */ = {isa = PBXBuildFile; fileRef = 2DBB3F38288E9A2F00F244FF /* shaonv.bundle */; };
		2DBB3F53288E9A2F00F244FF /* chuqiu.bundle in Resources */ = {isa = PBXBuildFile; fileRef = 2DBB3F39288E9A2F00F244FF /* chuqiu.bundle */; };
		2DBB3F54288E9A2F00F244FF /* nuandong.bundle in Resources */ = {isa = PBXBuildFile; fileRef = 2DBB3F3A288E9A2F00F244FF /* nuandong.bundle */; };
		2DBB3F55288E9A2F00F244FF /* xinggan.bundle in Resources */ = {isa = PBXBuildFile; fileRef = 2DBB3F3B288E9A2F00F244FF /* xinggan.bundle */; };
		2DBB3F56288E9A2F00F244FF /* FaceUnity.xcassets in Resources */ = {isa = PBXBuildFile; fileRef = 2DBB3F3D288E9A2F00F244FF /* FaceUnity.xcassets */; };
		2DBB3F57288E9A2F00F244FF /* fashi.bundle in Resources */ = {isa = PBXBuildFile; fileRef = 2DBB3F3F288E9A2F00F244FF /* fashi.bundle */; };
		2DBB3F58288E9A2F00F244FF /* sdlu.bundle in Resources */ = {isa = PBXBuildFile; fileRef = 2DBB3F40288E9A2F00F244FF /* sdlu.bundle */; };
		2DBB3F59288E9A2F00F244FF /* xueqiu_lm_fu.bundle in Resources */ = {isa = PBXBuildFile; fileRef = 2DBB3F41288E9A2F00F244FF /* xueqiu_lm_fu.bundle */; };
		2DBB3F5A288E9A2F00F244FF /* DaisyPig.bundle in Resources */ = {isa = PBXBuildFile; fileRef = 2DBB3F42288E9A2F00F244FF /* DaisyPig.bundle */; };
		611C65EB27EB6E0D00264E5A /* license.crt in Resources */ = {isa = PBXBuildFile; fileRef = 611C65EA27EB6E0D00264E5A /* license.crt */; };
		61AA255027C72EDF00827D4F /* AliyunVideoConfig.m in Sources */ = {isa = PBXBuildFile; fileRef = 61AA254F27C72EDF00827D4F /* AliyunVideoConfig.m */; };
		D2AACFA323827D7F000A4156 /* AlivcHomeViewController.m in Sources */ = {isa = PBXBuildFile; fileRef = D2AACF9923827D7F000A4156 /* AlivcHomeViewController.m */; };
		D2AACFA423827D7F000A4156 /* AVC_ET_ModuleItemCCell.m in Sources */ = {isa = PBXBuildFile; fileRef = D2AACF9C23827D7F000A4156 /* AVC_ET_ModuleItemCCell.m */; };
		D2AACFA523827D7F000A4156 /* AVC_ET_ModuleItemCCell.xib in Resources */ = {isa = PBXBuildFile; fileRef = D2AACF9D23827D7F000A4156 /* AVC_ET_ModuleItemCCell.xib */; };
		D2AACFA623827D7F000A4156 /* AVC_ET_ModuleDefine.m in Sources */ = {isa = PBXBuildFile; fileRef = D2AACFA023827D7F000A4156 /* AVC_ET_ModuleDefine.m */; };
		D2AACFAD2382801B000A4156 /* ELCVFlowLayout.m in Sources */ = {isa = PBXBuildFile; fileRef = D2AACFAC2382801B000A4156 /* ELCVFlowLayout.m */; };
		D2AACFB0238280ED000A4156 /* AlivcAppInfoViewController.m in Sources */ = {isa = PBXBuildFile; fileRef = D2AACFAE238280ED000A4156 /* AlivcAppInfoViewController.m */; };
		D2AACFBA238289F3000A4156 /* Localizable.strings in Resources */ = {isa = PBXBuildFile; fileRef = D2AACFB2238289F2000A4156 /* Localizable.strings */; };
		D2AACFBB238289F3000A4156 /* InfoPlist.strings in Resources */ = {isa = PBXBuildFile; fileRef = D2AACFB4238289F2000A4156 /* InfoPlist.strings */; };
		D2AACFBC238289F3000A4156 /* readMe_Resources.txt in Resources */ = {isa = PBXBuildFile; fileRef = D2AACFB7238289F2000A4156 /* readMe_Resources.txt */; };
		D2AACFC5238291FE000A4156 /* LaunchScreen.storyboard in Resources */ = {isa = PBXBuildFile; fileRef = D2AACFC3238291FE000A4156 /* LaunchScreen.storyboard */; };
		EE1A352CE34111D789C08793 /* libPods-AliyunVideoClient_Entrance.a in Frameworks */ = {isa = PBXBuildFile; fileRef = 0E1EEFCB19462AB4D372CB64 /* libPods-AliyunVideoClient_Entrance.a */; };
		F302A21825C2A9AC00AAFAA2 /* mixbgimg2.png in Resources */ = {isa = PBXBuildFile; fileRef = F302A21625C2A9AB00AAFAA2 /* mixbgimg2.png */; };
		F302A21925C2A9AC00AAFAA2 /* mixbgimg1.png in Resources */ = {isa = PBXBuildFile; fileRef = F302A21725C2A9AC00AAFAA2 /* mixbgimg1.png */; };
		FD69DB9D26DF84D000C5ACEB /* AnimationFrag.bundle in Resources */ = {isa = PBXBuildFile; fileRef = FD69DB9C26DF84D000C5ACEB /* AnimationFrag.bundle */; };
		FD8B468F2664C12000B13ED6 /* FlowerFont.bundle in Resources */ = {isa = PBXBuildFile; fileRef = FD8B468E2664C12000B13ED6 /* FlowerFont.bundle */; };
		FD9473FC274655B900866204 /* LutFilter.bundle in Resources */ = {isa = PBXBuildFile; fileRef = FD9473FB274655B900866204 /* LutFilter.bundle */; };
/* End PBXBuildFile section */

/* Begin PBXFileReference section */
		0E1EEFCB19462AB4D372CB64 /* libPods-AliyunVideoClient_Entrance.a */ = {isa = PBXFileReference; explicitFileType = archive.ar; includeInIndex = 0; path = "libPods-AliyunVideoClient_Entrance.a"; sourceTree = BUILT_PRODUCTS_DIR; };
		136CA213237E37B500312843 /* AliyunVideoClient_Entrance.app */ = {isa = PBXFileReference; explicitFileType = wrapper.application; includeInIndex = 0; path = AliyunVideoClient_Entrance.app; sourceTree = BUILT_PRODUCTS_DIR; };
		136CA216237E37B500312843 /* AppDelegate.h */ = {isa = PBXFileReference; lastKnownFileType = sourcecode.c.h; path = AppDelegate.h; sourceTree = "<group>"; };
		136CA217237E37B500312843 /* AppDelegate.m */ = {isa = PBXFileReference; lastKnownFileType = sourcecode.c.objc; path = AppDelegate.m; sourceTree = "<group>"; };
		136CA222237E37B600312843 /* Assets.xcassets */ = {isa = PBXFileReference; lastKnownFileType = folder.assetcatalog; path = Assets.xcassets; sourceTree = "<group>"; };
		136CA228237E37B600312843 /* main.m */ = {isa = PBXFileReference; lastKnownFileType = sourcecode.c.objc; path = main.m; sourceTree = "<group>"; };
		2DBB3F28288E9A2E00F244FF /* zh-Hans */ = {isa = PBXFileReference; lastKnownFileType = text.plist.strings; name = "zh-Hans"; path = "zh-Hans.lproj/FaceUnity.strings"; sourceTree = "<group>"; };
		2DBB3F2A288E9A2E00F244FF /* oumei.bundle */ = {isa = PBXFileReference; lastKnownFileType = file; path = oumei.bundle; sourceTree = "<group>"; };
		2DBB3F2B288E9A2E00F244FF /* Rose.bundle */ = {isa = PBXFileReference; lastKnownFileType = file; path = Rose.bundle; sourceTree = "<group>"; };
		2DBB3F2C288E9A2E00F244FF /* linjia.bundle */ = {isa = PBXFileReference; lastKnownFileType = file; path = linjia.bundle; sourceTree = "<group>"; };
		2DBB3F2D288E9A2E00F244FF /* yanshimao.bundle */ = {isa = PBXFileReference; lastKnownFileType = file; path = yanshimao.bundle; sourceTree = "<group>"; };
		2DBB3F2E288E9A2E00F244FF /* tianmei.bundle */ = {isa = PBXFileReference; lastKnownFileType = file; path = tianmei.bundle; sourceTree = "<group>"; };
		2DBB3F2F288E9A2E00F244FF /* ziyun.bundle */ = {isa = PBXFileReference; lastKnownFileType = file; path = ziyun.bundle; sourceTree = "<group>"; };
		2DBB3F30288E9A2E00F244FF /* chaomo.bundle */ = {isa = PBXFileReference; lastKnownFileType = file; path = chaomo.bundle; sourceTree = "<group>"; };
		2DBB3F31288E9A2E00F244FF /* hongfeng.bundle */ = {isa = PBXFileReference; lastKnownFileType = file; path = hongfeng.bundle; sourceTree = "<group>"; };
		2DBB3F32288E9A2E00F244FF /* jianling.bundle */ = {isa = PBXFileReference; lastKnownFileType = file; path = jianling.bundle; sourceTree = "<group>"; };
		2DBB3F33288E9A2E00F244FF /* gangfeng.bundle */ = {isa = PBXFileReference; lastKnownFileType = file; path = gangfeng.bundle; sourceTree = "<group>"; };
		2DBB3F34288E9A2E00F244FF /* chuju.bundle */ = {isa = PBXFileReference; lastKnownFileType = file; path = chuju.bundle; sourceTree = "<group>"; };
		2DBB3F35288E9A2E00F244FF /* renyu.bundle */ = {isa = PBXFileReference; lastKnownFileType = file; path = renyu.bundle; sourceTree = "<group>"; };
		2DBB3F36288E9A2F00F244FF /* qianzhihe.bundle */ = {isa = PBXFileReference; lastKnownFileType = file; path = qianzhihe.bundle; sourceTree = "<group>"; };
		2DBB3F37288E9A2F00F244FF /* wumei.bundle */ = {isa = PBXFileReference; lastKnownFileType = file; path = wumei.bundle; sourceTree = "<group>"; };
		2DBB3F38288E9A2F00F244FF /* shaonv.bundle */ = {isa = PBXFileReference; lastKnownFileType = file; path = shaonv.bundle; sourceTree = "<group>"; };
		2DBB3F39288E9A2F00F244FF /* chuqiu.bundle */ = {isa = PBXFileReference; lastKnownFileType = file; path = chuqiu.bundle; sourceTree = "<group>"; };
		2DBB3F3A288E9A2F00F244FF /* nuandong.bundle */ = {isa = PBXFileReference; lastKnownFileType = file; path = nuandong.bundle; sourceTree = "<group>"; };
		2DBB3F3B288E9A2F00F244FF /* xinggan.bundle */ = {isa = PBXFileReference; lastKnownFileType = file; path = xinggan.bundle; sourceTree = "<group>"; };
		2DBB3F3C288E9A2F00F244FF /* en */ = {isa = PBXFileReference; lastKnownFileType = text.plist.strings; name = en; path = en.lproj/FaceUnity.strings; sourceTree = "<group>"; };
		2DBB3F3D288E9A2F00F244FF /* FaceUnity.xcassets */ = {isa = PBXFileReference; lastKnownFileType = folder.assetcatalog; path = FaceUnity.xcassets; sourceTree = "<group>"; };
		2DBB3F3F288E9A2F00F244FF /* fashi.bundle */ = {isa = PBXFileReference; lastKnownFileType = file; path = fashi.bundle; sourceTree = "<group>"; };
		2DBB3F40288E9A2F00F244FF /* sdlu.bundle */ = {isa = PBXFileReference; lastKnownFileType = file; path = sdlu.bundle; sourceTree = "<group>"; };
		2DBB3F41288E9A2F00F244FF /* xueqiu_lm_fu.bundle */ = {isa = PBXFileReference; lastKnownFileType = file; path = xueqiu_lm_fu.bundle; sourceTree = "<group>"; };
		2DBB3F42288E9A2F00F244FF /* DaisyPig.bundle */ = {isa = PBXFileReference; lastKnownFileType = file; path = DaisyPig.bundle; sourceTree = "<group>"; };
		611C65EA27EB6E0D00264E5A /* license.crt */ = {isa = PBXFileReference; fileEncoding = 4; lastKnownFileType = text; path = license.crt; sourceTree = "<group>"; };
		61AA254E27C72EDF00827D4F /* AliyunVideoConfig.h */ = {isa = PBXFileReference; lastKnownFileType = sourcecode.c.h; path = AliyunVideoConfig.h; sourceTree = "<group>"; };
		61AA254F27C72EDF00827D4F /* AliyunVideoConfig.m */ = {isa = PBXFileReference; lastKnownFileType = sourcecode.c.objc; path = AliyunVideoConfig.m; sourceTree = "<group>"; };
		72D4FDBCC1F685A0B2F6DF47 /* libPods-AliyunVideoClient_Entrance_Simulator.a */ = {isa = PBXFileReference; explicitFileType = archive.ar; includeInIndex = 0; path = "libPods-AliyunVideoClient_Entrance_Simulator.a"; sourceTree = BUILT_PRODUCTS_DIR; };
		94794F27EB5821ECC06B929D /* Pods-AliyunVideoClient_Entrance.debug.xcconfig */ = {isa = PBXFileReference; includeInIndex = 1; lastKnownFileType = text.xcconfig; name = "Pods-AliyunVideoClient_Entrance.debug.xcconfig"; path = "Pods/Target Support Files/Pods-AliyunVideoClient_Entrance/Pods-AliyunVideoClient_Entrance.debug.xcconfig"; sourceTree = "<group>"; };
		9483244D912F79B1D1B4AF30 /* Pods-AliyunVideoClient_Entrance.release.xcconfig */ = {isa = PBXFileReference; includeInIndex = 1; lastKnownFileType = text.xcconfig; name = "Pods-AliyunVideoClient_Entrance.release.xcconfig"; path = "Pods/Target Support Files/Pods-AliyunVideoClient_Entrance/Pods-AliyunVideoClient_Entrance.release.xcconfig"; sourceTree = "<group>"; };
		D2AACF9823827D7F000A4156 /* AlivcHomeViewController.h */ = {isa = PBXFileReference; fileEncoding = 4; lastKnownFileType = sourcecode.c.h; path = AlivcHomeViewController.h; sourceTree = "<group>"; };
		D2AACF9923827D7F000A4156 /* AlivcHomeViewController.m */ = {isa = PBXFileReference; fileEncoding = 4; lastKnownFileType = sourcecode.c.objc; path = AlivcHomeViewController.m; sourceTree = "<group>"; };
		D2AACF9B23827D7F000A4156 /* AVC_ET_ModuleItemCCell.h */ = {isa = PBXFileReference; fileEncoding = 4; lastKnownFileType = sourcecode.c.h; path = AVC_ET_ModuleItemCCell.h; sourceTree = "<group>"; };
		D2AACF9C23827D7F000A4156 /* AVC_ET_ModuleItemCCell.m */ = {isa = PBXFileReference; fileEncoding = 4; lastKnownFileType = sourcecode.c.objc; path = AVC_ET_ModuleItemCCell.m; sourceTree = "<group>"; };
		D2AACF9D23827D7F000A4156 /* AVC_ET_ModuleItemCCell.xib */ = {isa = PBXFileReference; fileEncoding = 4; lastKnownFileType = file.xib; path = AVC_ET_ModuleItemCCell.xib; sourceTree = "<group>"; };
		D2AACF9F23827D7F000A4156 /* AVC_ET_ModuleDefine.h */ = {isa = PBXFileReference; fileEncoding = 4; lastKnownFileType = sourcecode.c.h; path = AVC_ET_ModuleDefine.h; sourceTree = "<group>"; };
		D2AACFA023827D7F000A4156 /* AVC_ET_ModuleDefine.m */ = {isa = PBXFileReference; fileEncoding = 4; lastKnownFileType = sourcecode.c.objc; path = AVC_ET_ModuleDefine.m; sourceTree = "<group>"; };
		D2AACFAB2382801A000A4156 /* ELCVFlowLayout.h */ = {isa = PBXFileReference; fileEncoding = 4; lastKnownFileType = sourcecode.c.h; path = ELCVFlowLayout.h; sourceTree = "<group>"; };
		D2AACFAC2382801B000A4156 /* ELCVFlowLayout.m */ = {isa = PBXFileReference; fileEncoding = 4; lastKnownFileType = sourcecode.c.objc; path = ELCVFlowLayout.m; sourceTree = "<group>"; };
		D2AACFAE238280ED000A4156 /* AlivcAppInfoViewController.m */ = {isa = PBXFileReference; fileEncoding = 4; lastKnownFileType = sourcecode.c.objc; path = AlivcAppInfoViewController.m; sourceTree = "<group>"; };
		D2AACFAF238280ED000A4156 /* AlivcAppInfoViewController.h */ = {isa = PBXFileReference; fileEncoding = 4; lastKnownFileType = sourcecode.c.h; path = AlivcAppInfoViewController.h; sourceTree = "<group>"; };
		D2AACFB3238289F2000A4156 /* Base */ = {isa = PBXFileReference; lastKnownFileType = text.plist.strings; name = Base; path = Base.lproj/Localizable.strings; sourceTree = "<group>"; };
		D2AACFB5238289F2000A4156 /* en */ = {isa = PBXFileReference; lastKnownFileType = text.plist.strings; name = en; path = en.lproj/InfoPlist.strings; sourceTree = "<group>"; };
		D2AACFB6238289F2000A4156 /* en */ = {isa = PBXFileReference; lastKnownFileType = text.plist.strings; name = en; path = en.lproj/Localizable.strings; sourceTree = "<group>"; };
		D2AACFB7238289F2000A4156 /* readMe_Resources.txt */ = {isa = PBXFileReference; fileEncoding = 4; lastKnownFileType = text; path = readMe_Resources.txt; sourceTree = "<group>"; };
		D2AACFB8238289F2000A4156 /* zh-Hans */ = {isa = PBXFileReference; lastKnownFileType = text.plist.strings; name = "zh-Hans"; path = "zh-Hans.lproj/InfoPlist.strings"; sourceTree = "<group>"; };
		D2AACFB9238289F2000A4156 /* zh-Hans */ = {isa = PBXFileReference; lastKnownFileType = text.plist.strings; name = "zh-Hans"; path = "zh-Hans.lproj/Localizable.strings"; sourceTree = "<group>"; };
		D2AACFC4238291FE000A4156 /* Base */ = {isa = PBXFileReference; lastKnownFileType = file.storyboard; name = Base; path = Base.lproj/LaunchScreen.storyboard; sourceTree = "<group>"; };
		DC0CC1C7E5FBFBA88D107743 /* Pods-AliyunVideoClient_Entrance_Simulator.release.xcconfig */ = {isa = PBXFileReference; includeInIndex = 1; lastKnownFileType = text.xcconfig; name = "Pods-AliyunVideoClient_Entrance_Simulator.release.xcconfig"; path = "Pods/Target Support Files/Pods-AliyunVideoClient_Entrance_Simulator/Pods-AliyunVideoClient_Entrance_Simulator.release.xcconfig"; sourceTree = "<group>"; };
		F302A21625C2A9AB00AAFAA2 /* mixbgimg2.png */ = {isa = PBXFileReference; lastKnownFileType = image.png; path = mixbgimg2.png; sourceTree = "<group>"; };
		F302A21725C2A9AC00AAFAA2 /* mixbgimg1.png */ = {isa = PBXFileReference; lastKnownFileType = image.png; path = mixbgimg1.png; sourceTree = "<group>"; };
		FB21C99D07AE55E6B66EA728 /* Pods-AliyunVideoClient_Entrance_Simulator.debug.xcconfig */ = {isa = PBXFileReference; includeInIndex = 1; lastKnownFileType = text.xcconfig; name = "Pods-AliyunVideoClient_Entrance_Simulator.debug.xcconfig"; path = "Pods/Target Support Files/Pods-AliyunVideoClient_Entrance_Simulator/Pods-AliyunVideoClient_Entrance_Simulator.debug.xcconfig"; sourceTree = "<group>"; };
		FD2BB8FE275E0FB3003605EB /* AliyunVideoClient_Entrance_Simulator-Info.plist */ = {isa = PBXFileReference; lastKnownFileType = text.plist.xml; name = "AliyunVideoClient_Entrance_Simulator-Info.plist"; path = "/Users/mengyehao/WorkPlace/AlivcEntrance_iOS/AlivcSolution/AliyunVideoClientProject/AliyunVideoClient_Entrance_Simulator-Info.plist"; sourceTree = "<absolute>"; };
		FD69DB9C26DF84D000C5ACEB /* AnimationFrag.bundle */ = {isa = PBXFileReference; lastKnownFileType = "wrapper.plug-in"; path = AnimationFrag.bundle; sourceTree = "<group>"; };
		FD8B468E2664C12000B13ED6 /* FlowerFont.bundle */ = {isa = PBXFileReference; lastKnownFileType = "wrapper.plug-in"; path = FlowerFont.bundle; sourceTree = "<group>"; };
		FD9473FB274655B900866204 /* LutFilter.bundle */ = {isa = PBXFileReference; lastKnownFileType = "wrapper.plug-in"; path = LutFilter.bundle; sourceTree = "<group>"; };
/* End PBXFileReference section */

/* Begin PBXFrameworksBuildPhase section */
		136CA210237E37B500312843 /* Frameworks */ = {
			isa = PBXFrameworksBuildPhase;
			buildActionMask = 2147483647;
			files = (
				EE1A352CE34111D789C08793 /* libPods-AliyunVideoClient_Entrance.a in Frameworks */,
			);
			runOnlyForDeploymentPostprocessing = 0;
		};
/* End PBXFrameworksBuildPhase section */

/* Begin PBXGroup section */
		136CA20A237E37B500312843 = {
			isa = PBXGroup;
			children = (
				136CA215237E37B500312843 /* AliyunVideoClient_Entrance */,
				136CA214237E37B500312843 /* Products */,
				FD2BB8FE275E0FB3003605EB /* AliyunVideoClient_Entrance_Simulator-Info.plist */,
				4B040353E35357EBE2D5291F /* Frameworks */,
				4C786A085096978845200714 /* Pods */,
			);
			sourceTree = "<group>";
		};
		136CA214237E37B500312843 /* Products */ = {
			isa = PBXGroup;
			children = (
				136CA213237E37B500312843 /* AliyunVideoClient_Entrance.app */,
			);
			name = Products;
			sourceTree = "<group>";
		};
		136CA215237E37B500312843 /* AliyunVideoClient_Entrance */ = {
			isa = PBXGroup;
			children = (
				2DBB3F26288E9A2E00F244FF /* Resource */,
				D2AACFB1238289F2000A4156 /* Resources */,
				D2AACF9623827D2D000A4156 /* Home */,
				136CA216237E37B500312843 /* AppDelegate.h */,
				136CA217237E37B500312843 /* AppDelegate.m */,
				61AA254E27C72EDF00827D4F /* AliyunVideoConfig.h */,
				61AA254F27C72EDF00827D4F /* AliyunVideoConfig.m */,
				FD9473FB274655B900866204 /* LutFilter.bundle */,
				FD69DB9C26DF84D000C5ACEB /* AnimationFrag.bundle */,
				FD8B468E2664C12000B13ED6 /* FlowerFont.bundle */,
				D2AACFC3238291FE000A4156 /* LaunchScreen.storyboard */,
				136CA222237E37B600312843 /* Assets.xcassets */,
				136CA228237E37B600312843 /* main.m */,
			);
			path = AliyunVideoClient_Entrance;
			sourceTree = "<group>";
		};
		2DBB3F26288E9A2E00F244FF /* Resource */ = {
			isa = PBXGroup;
			children = (
				2DBB3F27288E9A2E00F244FF /* FaceUnity.strings */,
				2DBB3F29288E9A2E00F244FF /* 美妆 */,
				2DBB3F3D288E9A2F00F244FF /* FaceUnity.xcassets */,
				2DBB3F3E288E9A2F00F244FF /* 贴纸 */,
			);
			name = Resource;
			path = AlivcRecord/AlivcRecord/Classes/Recording/Utilities/FaceUnity/Demo/Resource;
			sourceTree = SOURCE_ROOT;
		};
		2DBB3F29288E9A2E00F244FF /* 美妆 */ = {
			isa = PBXGroup;
			children = (
				2DBB3F2A288E9A2E00F244FF /* oumei.bundle */,
				2DBB3F2B288E9A2E00F244FF /* Rose.bundle */,
				2DBB3F2C288E9A2E00F244FF /* linjia.bundle */,
				2DBB3F2D288E9A2E00F244FF /* yanshimao.bundle */,
				2DBB3F2E288E9A2E00F244FF /* tianmei.bundle */,
				2DBB3F2F288E9A2E00F244FF /* ziyun.bundle */,
				2DBB3F30288E9A2E00F244FF /* chaomo.bundle */,
				2DBB3F31288E9A2E00F244FF /* hongfeng.bundle */,
				2DBB3F32288E9A2E00F244FF /* jianling.bundle */,
				2DBB3F33288E9A2E00F244FF /* gangfeng.bundle */,
				2DBB3F34288E9A2E00F244FF /* chuju.bundle */,
				2DBB3F35288E9A2E00F244FF /* renyu.bundle */,
				2DBB3F36288E9A2F00F244FF /* qianzhihe.bundle */,
				2DBB3F37288E9A2F00F244FF /* wumei.bundle */,
				2DBB3F38288E9A2F00F244FF /* shaonv.bundle */,
				2DBB3F39288E9A2F00F244FF /* chuqiu.bundle */,
				2DBB3F3A288E9A2F00F244FF /* nuandong.bundle */,
				2DBB3F3B288E9A2F00F244FF /* xinggan.bundle */,
			);
			path = "美妆";
			sourceTree = "<group>";
		};
		2DBB3F3E288E9A2F00F244FF /* 贴纸 */ = {
			isa = PBXGroup;
			children = (
				2DBB3F3F288E9A2F00F244FF /* fashi.bundle */,
				2DBB3F40288E9A2F00F244FF /* sdlu.bundle */,
				2DBB3F41288E9A2F00F244FF /* xueqiu_lm_fu.bundle */,
				2DBB3F42288E9A2F00F244FF /* DaisyPig.bundle */,
			);
			path = "贴纸";
			sourceTree = "<group>";
		};
		4B040353E35357EBE2D5291F /* Frameworks */ = {
			isa = PBXGroup;
			children = (
				72D4FDBCC1F685A0B2F6DF47 /* libPods-AliyunVideoClient_Entrance_Simulator.a */,
				0E1EEFCB19462AB4D372CB64 /* libPods-AliyunVideoClient_Entrance.a */,
			);
			name = Frameworks;
			sourceTree = "<group>";
		};
		4C786A085096978845200714 /* Pods */ = {
			isa = PBXGroup;
			children = (
				94794F27EB5821ECC06B929D /* Pods-AliyunVideoClient_Entrance.debug.xcconfig */,
				9483244D912F79B1D1B4AF30 /* Pods-AliyunVideoClient_Entrance.release.xcconfig */,
				DC0CC1C7E5FBFBA88D107743 /* Pods-AliyunVideoClient_Entrance_Simulator.release.xcconfig */,
				FB21C99D07AE55E6B66EA728 /* Pods-AliyunVideoClient_Entrance_Simulator.debug.xcconfig */,
			);
			name = Pods;
			sourceTree = "<group>";
		};
		D2AACF9623827D2D000A4156 /* Home */ = {
			isa = PBXGroup;
			children = (
				D2AACF9723827D7F000A4156 /* Controllers */,
				D2AACF9E23827D7F000A4156 /* Models */,
				D2AACF9A23827D7F000A4156 /* View */,
			);
			path = Home;
			sourceTree = "<group>";
		};
		D2AACF9723827D7F000A4156 /* Controllers */ = {
			isa = PBXGroup;
			children = (
				D2AACFAF238280ED000A4156 /* AlivcAppInfoViewController.h */,
				D2AACFAE238280ED000A4156 /* AlivcAppInfoViewController.m */,
				D2AACF9823827D7F000A4156 /* AlivcHomeViewController.h */,
				D2AACF9923827D7F000A4156 /* AlivcHomeViewController.m */,
			);
			path = Controllers;
			sourceTree = "<group>";
		};
		D2AACF9A23827D7F000A4156 /* View */ = {
			isa = PBXGroup;
			children = (
				D2AACFAB2382801A000A4156 /* ELCVFlowLayout.h */,
				D2AACFAC2382801B000A4156 /* ELCVFlowLayout.m */,
				D2AACF9B23827D7F000A4156 /* AVC_ET_ModuleItemCCell.h */,
				D2AACF9C23827D7F000A4156 /* AVC_ET_ModuleItemCCell.m */,
				D2AACF9D23827D7F000A4156 /* AVC_ET_ModuleItemCCell.xib */,
			);
			path = View;
			sourceTree = "<group>";
		};
		D2AACF9E23827D7F000A4156 /* Models */ = {
			isa = PBXGroup;
			children = (
				D2AACF9F23827D7F000A4156 /* AVC_ET_ModuleDefine.h */,
				D2AACFA023827D7F000A4156 /* AVC_ET_ModuleDefine.m */,
			);
			path = Models;
			sourceTree = "<group>";
		};
		D2AACFB1238289F2000A4156 /* Resources */ = {
			isa = PBXGroup;
			children = (
				611C65EA27EB6E0D00264E5A /* license.crt */,
				F302A21725C2A9AC00AAFAA2 /* mixbgimg1.png */,
				F302A21625C2A9AB00AAFAA2 /* mixbgimg2.png */,
				D2AACFB2238289F2000A4156 /* Localizable.strings */,
				D2AACFB4238289F2000A4156 /* InfoPlist.strings */,
				D2AACFB7238289F2000A4156 /* readMe_Resources.txt */,
			);
			path = Resources;
			sourceTree = "<group>";
		};
/* End PBXGroup section */

/* Begin PBXNativeTarget section */
		136CA212237E37B500312843 /* AliyunVideoClient_Entrance */ = {
			isa = PBXNativeTarget;
			buildConfigurationList = 136CA22C237E37B600312843 /* Build configuration list for PBXNativeTarget "AliyunVideoClient_Entrance" */;
			buildPhases = (
				03573C078FFD5FCFDAB03EF9 /* [CP] Check Pods Manifest.lock */,
				136CA20F237E37B500312843 /* Sources */,
				136CA210237E37B500312843 /* Frameworks */,
				136CA211237E37B500312843 /* Resources */,
				A0CEA8038D4520630A80CC72 /* [CP] Embed Pods Frameworks */,
				E37140F3BB47C4BF93A8B3EE /* [CP] Copy Pods Resources */,
				616A775327F412130065365B /* Debug License File */,
			);
			buildRules = (
			);
			dependencies = (
			);
			name = AliyunVideoClient_Entrance;
			productName = AliyunVideoClient_Entrance;
			productReference = 136CA213237E37B500312843 /* AliyunVideoClient_Entrance.app */;
			productType = "com.apple.product-type.application";
		};
/* End PBXNativeTarget section */

/* Begin PBXProject section */
		136CA20B237E37B500312843 /* Project object */ = {
			isa = PBXProject;
			attributes = {
				LastUpgradeCheck = 1110;
				ORGANIZATIONNAME = Aliyun;
				TargetAttributes = {
					136CA212237E37B500312843 = {
						CreatedOnToolsVersion = 11.1;
						ProvisioningStyle = Manual;
					};
				};
			};
			buildConfigurationList = 136CA20E237E37B500312843 /* Build configuration list for PBXProject "AliyunVideoClient_Entrance" */;
			compatibilityVersion = "Xcode 8.0";
			developmentRegion = en;
			hasScannedForEncodings = 0;
			knownRegions = (
				en,
				Base,
				"zh-Hans",
			);
			mainGroup = 136CA20A237E37B500312843;
			productRefGroup = 136CA214237E37B500312843 /* Products */;
			projectDirPath = "";
			projectRoot = "";
			targets = (
				136CA212237E37B500312843 /* AliyunVideoClient_Entrance */,
			);
		};
/* End PBXProject section */

/* Begin PBXResourcesBuildPhase section */
		136CA211237E37B500312843 /* Resources */ = {
			isa = PBXResourcesBuildPhase;
			buildActionMask = 2147483647;
			files = (
				2DBB3F4A288E9A2F00F244FF /* chaomo.bundle in Resources */,
				D2AACFBA238289F3000A4156 /* Localizable.strings in Resources */,
				2DBB3F43288E9A2F00F244FF /* FaceUnity.strings in Resources */,
				2DBB3F57288E9A2F00F244FF /* fashi.bundle in Resources */,
				F302A21825C2A9AC00AAFAA2 /* mixbgimg2.png in Resources */,
				2DBB3F4B288E9A2F00F244FF /* hongfeng.bundle in Resources */,
				2DBB3F48288E9A2F00F244FF /* tianmei.bundle in Resources */,
				2DBB3F4F288E9A2F00F244FF /* renyu.bundle in Resources */,
				2DBB3F50288E9A2F00F244FF /* qianzhihe.bundle in Resources */,
				2DBB3F5A288E9A2F00F244FF /* DaisyPig.bundle in Resources */,
				D2AACFBB238289F3000A4156 /* InfoPlist.strings in Resources */,
				2DBB3F51288E9A2F00F244FF /* wumei.bundle in Resources */,
				611C65EB27EB6E0D00264E5A /* license.crt in Resources */,
				D2AACFBC238289F3000A4156 /* readMe_Resources.txt in Resources */,
				2DBB3F52288E9A2F00F244FF /* shaonv.bundle in Resources */,
				2DBB3F4D288E9A2F00F244FF /* gangfeng.bundle in Resources */,
				2DBB3F59288E9A2F00F244FF /* xueqiu_lm_fu.bundle in Resources */,
				2DBB3F45288E9A2F00F244FF /* Rose.bundle in Resources */,
				2DBB3F4E288E9A2F00F244FF /* chuju.bundle in Resources */,
				D2AACFC5238291FE000A4156 /* LaunchScreen.storyboard in Resources */,
				FD9473FC274655B900866204 /* LutFilter.bundle in Resources */,
				FD8B468F2664C12000B13ED6 /* FlowerFont.bundle in Resources */,
				FD69DB9D26DF84D000C5ACEB /* AnimationFrag.bundle in Resources */,
				2DBB3F55288E9A2F00F244FF /* xinggan.bundle in Resources */,
				F302A21925C2A9AC00AAFAA2 /* mixbgimg1.png in Resources */,
				2DBB3F58288E9A2F00F244FF /* sdlu.bundle in Resources */,
				2DBB3F56288E9A2F00F244FF /* FaceUnity.xcassets in Resources */,
				2DBB3F4C288E9A2F00F244FF /* jianling.bundle in Resources */,
				2DBB3F47288E9A2F00F244FF /* yanshimao.bundle in Resources */,
				2DBB3F46288E9A2F00F244FF /* linjia.bundle in Resources */,
				2DBB3F44288E9A2F00F244FF /* oumei.bundle in Resources */,
				2DBB3F53288E9A2F00F244FF /* chuqiu.bundle in Resources */,
				D2AACFA523827D7F000A4156 /* AVC_ET_ModuleItemCCell.xib in Resources */,
				2DBB3F54288E9A2F00F244FF /* nuandong.bundle in Resources */,
				136CA223237E37B600312843 /* Assets.xcassets in Resources */,
				2DBB3F49288E9A2F00F244FF /* ziyun.bundle in Resources */,
			);
			runOnlyForDeploymentPostprocessing = 0;
		};
/* End PBXResourcesBuildPhase section */

/* Begin PBXShellScriptBuildPhase section */
		03573C078FFD5FCFDAB03EF9 /* [CP] Check Pods Manifest.lock */ = {
			isa = PBXShellScriptBuildPhase;
			buildActionMask = 2147483647;
			files = (
			);
			inputFileListPaths = (
			);
			inputPaths = (
				"${PODS_PODFILE_DIR_PATH}/Podfile.lock",
				"${PODS_ROOT}/Manifest.lock",
			);
			name = "[CP] Check Pods Manifest.lock";
			outputFileListPaths = (
			);
			outputPaths = (
				"$(DERIVED_FILE_DIR)/Pods-AliyunVideoClient_Entrance-checkManifestLockResult.txt",
			);
			runOnlyForDeploymentPostprocessing = 0;
			shellPath = /bin/sh;
			shellScript = "diff \"${PODS_PODFILE_DIR_PATH}/Podfile.lock\" \"${PODS_ROOT}/Manifest.lock\" > /dev/null\nif [ $? != 0 ] ; then\n    # print error to STDERR\n    echo \"error: The sandbox is not in sync with the Podfile.lock. Run 'pod install' or update your CocoaPods installation.\" >&2\n    exit 1\nfi\n# This output is used by Xcode 'outputs' to avoid re-running this script phase.\necho \"SUCCESS\" > \"${SCRIPT_OUTPUT_FILE_0}\"\n";
			showEnvVarsInLog = 0;
		};
		616A775327F412130065365B /* Debug License File */ = {
			isa = PBXShellScriptBuildPhase;
			buildActionMask = 2147483647;
			files = (
			);
			inputFileListPaths = (
			);
			inputPaths = (
			);
			name = "Debug License File";
			outputFileListPaths = (
			);
			outputPaths = (
			);
			runOnlyForDeploymentPostprocessing = 0;
			shellPath = /bin/sh;
			shellScript = "# Type a script or drag a script file from your workspace to insert its path.\nif [ \"$CONFIGURATION\" = \"Debug\" ]; then\n    DEBUG_LICENSE_PATH=\"${PROJECT_DIR}/AliyunVideoClient_Entrance/Resources/license_debug.crt\"\n    LICENSE_PATH=\"${CODESIGNING_FOLDER_PATH}/license.crt\"\n    echo \"Change License for Debug: from(${DEBUG_LICENSE_PATH}) to(${LICENSE_PATH})\"\n    cp ${DEBUG_LICENSE_PATH} ${LICENSE_PATH}\nfi\n";
		};
		A0CEA8038D4520630A80CC72 /* [CP] Embed Pods Frameworks */ = {
			isa = PBXShellScriptBuildPhase;
			buildActionMask = 2147483647;
			files = (
			);
			inputPaths = (
				"${PODS_ROOT}/Target Support Files/Pods-AliyunVideoClient_Entrance/Pods-AliyunVideoClient_Entrance-frameworks.sh",
				"${PODS_ROOT}/AliyunVideoSDKPro/AliyunVideoSDKPro/AliyunVideoAIO.framework",
				"${PODS_ROOT}/FURenderKit/FURenderKit-v8.3.0/FURenderKit.framework",
				"${PODS_ROOT}/QuCore-ThirdParty/frameworks/alivcffmpeg.framework",
			);
			name = "[CP] Embed Pods Frameworks";
			outputPaths = (
				"${TARGET_BUILD_DIR}/${FRAMEWORKS_FOLDER_PATH}/AliyunVideoAIO.framework",
				"${TARGET_BUILD_DIR}/${FRAMEWORKS_FOLDER_PATH}/FURenderKit.framework",
				"${TARGET_BUILD_DIR}/${FRAMEWORKS_FOLDER_PATH}/alivcffmpeg.framework",
			);
			runOnlyForDeploymentPostprocessing = 0;
			shellPath = /bin/sh;
			shellScript = "\"${PODS_ROOT}/Target Support Files/Pods-AliyunVideoClient_Entrance/Pods-AliyunVideoClient_Entrance-frameworks.sh\"\n";
			showEnvVarsInLog = 0;
		};
		E37140F3BB47C4BF93A8B3EE /* [CP] Copy Pods Resources */ = {
			isa = PBXShellScriptBuildPhase;
			buildActionMask = 2147483647;
			files = (
			);
			inputPaths = (
				"${PODS_ROOT}/Target Support Files/Pods-AliyunVideoClient_Entrance/Pods-AliyunVideoClient_Entrance-resources.sh",
				"${PODS_ROOT}/../AlivcCore/AlivcCore/Assets/ShortVideoResource/LocalAnimationEffects.json",
				"${PODS_ROOT}/../AlivcCore/AlivcCore/Assets/ShortVideoResource/LocalCaption.json",
				"${PODS_ROOT}/../AlivcCore/AlivcCore/Assets/ShortVideoResource/LocalFilter.json",
				"${PODS_ROOT}/../AlivcCore/AlivcCore/Assets/ShortVideoResource/LocalFont.json",
				"${PODS_ROOT}/../AlivcCore/AlivcCore/Assets/ShortVideoResource/LocalFont_ios8.json",
				"${PODS_ROOT}/../AlivcCore/AlivcCore/Assets/ShortVideoResource/LocalMV.json",
				"${PODS_ROOT}/../AlivcCore/AlivcCore/Assets/ShortVideoResource/LocalPaster.json",
				"${PODS_ROOT}/../AlivcCore/AlivcCore/Assets/ShortVideoResource/tail.png",
				"${PODS_ROOT}/../AlivcCore/AlivcCore/Assets/ShortVideoResource/watermark.png",
				"${PODS_ROOT}/../AlivcCore/AlivcCore/Assets/ShortVideoResource/Animation_Effects",
				"${PODS_ROOT}/../AlivcCore/AlivcCore/Assets/ShortVideoResource/Caption",
				"${PODS_ROOT}/../AlivcCore/AlivcCore/Assets/ShortVideoResource/Face_Sticker",
				"${PODS_ROOT}/../AlivcCore/AlivcCore/Assets/ShortVideoResource/Filter",
				"${PODS_ROOT}/../AlivcCore/AlivcCore/Assets/ShortVideoResource/MV",
				"${PODS_ROOT}/../AlivcCore/AlivcCore/Assets/ShortVideoResource/Sticker",
				"${PODS_ROOT}/../AlivcCore/AlivcCore/Assets/ShortVideoResource/Template",
				"${PODS_CONFIGURATION_BUILD_DIR}/AlivcCore/AlivcCore.bundle",
				"${PODS_CONFIGURATION_BUILD_DIR}/AlivcCrop/AlivcCropBasic.bundle",
				"${PODS_CONFIGURATION_BUILD_DIR}/AlivcDraft/AlivcDraft.bundle",
				"${PODS_CONFIGURATION_BUILD_DIR}/AlivcEdit/AlivcEdit.bundle",
				"${PODS_CONFIGURATION_BUILD_DIR}/AlivcPhotoPicker/AlivcPhotoPicker.bundle",
				"${PODS_CONFIGURATION_BUILD_DIR}/AlivcRecord/AlivcRecord.bundle",
				"${PODS_ROOT}/AliyunVideoSDKPro/AliyunVideoSDKPro/AliyunVideoSDKPro.bundle",
				"${PODS_ROOT}/FURenderKit/FURenderKit-v8.3.0/Resources/graphics/body_slim.bundle",
				"${PODS_ROOT}/FURenderKit/FURenderKit-v8.3.0/Resources/graphics/controller_cpp.bundle",
				"${PODS_ROOT}/FURenderKit/FURenderKit-v8.3.0/Resources/graphics/face_beautification.bundle",
				"${PODS_ROOT}/FURenderKit/FURenderKit-v8.3.0/Resources/graphics/face_makeup.bundle",
				"${PODS_ROOT}/FURenderKit/FURenderKit-v8.3.0/Resources/graphics/fuzzytoonfilter.bundle",
				"${PODS_ROOT}/FURenderKit/FURenderKit-v8.3.0/Resources/graphics/fxaa.bundle",
				"${PODS_ROOT}/FURenderKit/FURenderKit-v8.3.0/Resources/graphics/tongue.bundle",
				"${PODS_ROOT}/FURenderKit/FURenderKit-v8.3.0/Resources/model/ai_bgseg_green.bundle",
				"${PODS_ROOT}/FURenderKit/FURenderKit-v8.3.0/Resources/model/ai_face_processor.bundle",
				"${PODS_ROOT}/FURenderKit/FURenderKit-v8.3.0/Resources/model/ai_face_processor_lite.bundle",
				"${PODS_ROOT}/FURenderKit/FURenderKit-v8.3.0/Resources/model/ai_face_recognizer.bundle",
				"${PODS_ROOT}/FURenderKit/FURenderKit-v8.3.0/Resources/model/ai_hand_processor.bundle",
				"${PODS_ROOT}/FURenderKit/FURenderKit-v8.3.0/Resources/model/ai_human_processor.bundle",
				"${PODS_ROOT}/FURenderKit/FURenderKit-v8.3.0/Resources/model/ai_human_processor_gpu.bundle",
			);
			name = "[CP] Copy Pods Resources";
			outputPaths = (
				"${TARGET_BUILD_DIR}/${UNLOCALIZED_RESOURCES_FOLDER_PATH}/LocalAnimationEffects.json",
				"${TARGET_BUILD_DIR}/${UNLOCALIZED_RESOURCES_FOLDER_PATH}/LocalCaption.json",
				"${TARGET_BUILD_DIR}/${UNLOCALIZED_RESOURCES_FOLDER_PATH}/LocalFilter.json",
				"${TARGET_BUILD_DIR}/${UNLOCALIZED_RESOURCES_FOLDER_PATH}/LocalFont.json",
				"${TARGET_BUILD_DIR}/${UNLOCALIZED_RESOURCES_FOLDER_PATH}/LocalFont_ios8.json",
				"${TARGET_BUILD_DIR}/${UNLOCALIZED_RESOURCES_FOLDER_PATH}/LocalMV.json",
				"${TARGET_BUILD_DIR}/${UNLOCALIZED_RESOURCES_FOLDER_PATH}/LocalPaster.json",
				"${TARGET_BUILD_DIR}/${UNLOCALIZED_RESOURCES_FOLDER_PATH}/tail.png",
				"${TARGET_BUILD_DIR}/${UNLOCALIZED_RESOURCES_FOLDER_PATH}/watermark.png",
				"${TARGET_BUILD_DIR}/${UNLOCALIZED_RESOURCES_FOLDER_PATH}/Animation_Effects",
				"${TARGET_BUILD_DIR}/${UNLOCALIZED_RESOURCES_FOLDER_PATH}/Caption",
				"${TARGET_BUILD_DIR}/${UNLOCALIZED_RESOURCES_FOLDER_PATH}/Face_Sticker",
				"${TARGET_BUILD_DIR}/${UNLOCALIZED_RESOURCES_FOLDER_PATH}/Filter",
				"${TARGET_BUILD_DIR}/${UNLOCALIZED_RESOURCES_FOLDER_PATH}/MV",
				"${TARGET_BUILD_DIR}/${UNLOCALIZED_RESOURCES_FOLDER_PATH}/Sticker",
				"${TARGET_BUILD_DIR}/${UNLOCALIZED_RESOURCES_FOLDER_PATH}/Template",
				"${TARGET_BUILD_DIR}/${UNLOCALIZED_RESOURCES_FOLDER_PATH}/AlivcCore.bundle",
				"${TARGET_BUILD_DIR}/${UNLOCALIZED_RESOURCES_FOLDER_PATH}/AlivcCropBasic.bundle",
				"${TARGET_BUILD_DIR}/${UNLOCALIZED_RESOURCES_FOLDER_PATH}/AlivcDraft.bundle",
				"${TARGET_BUILD_DIR}/${UNLOCALIZED_RESOURCES_FOLDER_PATH}/AlivcEdit.bundle",
				"${TARGET_BUILD_DIR}/${UNLOCALIZED_RESOURCES_FOLDER_PATH}/AlivcPhotoPicker.bundle",
				"${TARGET_BUILD_DIR}/${UNLOCALIZED_RESOURCES_FOLDER_PATH}/AlivcRecord.bundle",
				"${TARGET_BUILD_DIR}/${UNLOCALIZED_RESOURCES_FOLDER_PATH}/AliyunVideoSDKPro.bundle",
				"${TARGET_BUILD_DIR}/${UNLOCALIZED_RESOURCES_FOLDER_PATH}/body_slim.bundle",
				"${TARGET_BUILD_DIR}/${UNLOCALIZED_RESOURCES_FOLDER_PATH}/controller_cpp.bundle",
				"${TARGET_BUILD_DIR}/${UNLOCALIZED_RESOURCES_FOLDER_PATH}/face_beautification.bundle",
				"${TARGET_BUILD_DIR}/${UNLOCALIZED_RESOURCES_FOLDER_PATH}/face_makeup.bundle",
				"${TARGET_BUILD_DIR}/${UNLOCALIZED_RESOURCES_FOLDER_PATH}/fuzzytoonfilter.bundle",
				"${TARGET_BUILD_DIR}/${UNLOCALIZED_RESOURCES_FOLDER_PATH}/fxaa.bundle",
				"${TARGET_BUILD_DIR}/${UNLOCALIZED_RESOURCES_FOLDER_PATH}/tongue.bundle",
				"${TARGET_BUILD_DIR}/${UNLOCALIZED_RESOURCES_FOLDER_PATH}/ai_bgseg_green.bundle",
				"${TARGET_BUILD_DIR}/${UNLOCALIZED_RESOURCES_FOLDER_PATH}/ai_face_processor.bundle",
				"${TARGET_BUILD_DIR}/${UNLOCALIZED_RESOURCES_FOLDER_PATH}/ai_face_processor_lite.bundle",
				"${TARGET_BUILD_DIR}/${UNLOCALIZED_RESOURCES_FOLDER_PATH}/ai_face_recognizer.bundle",
				"${TARGET_BUILD_DIR}/${UNLOCALIZED_RESOURCES_FOLDER_PATH}/ai_hand_processor.bundle",
				"${TARGET_BUILD_DIR}/${UNLOCALIZED_RESOURCES_FOLDER_PATH}/ai_human_processor.bundle",
				"${TARGET_BUILD_DIR}/${UNLOCALIZED_RESOURCES_FOLDER_PATH}/ai_human_processor_gpu.bundle",
			);
			runOnlyForDeploymentPostprocessing = 0;
			shellPath = /bin/sh;
			shellScript = "\"${PODS_ROOT}/Target Support Files/Pods-AliyunVideoClient_Entrance/Pods-AliyunVideoClient_Entrance-resources.sh\"\n";
			showEnvVarsInLog = 0;
		};
/* End PBXShellScriptBuildPhase section */

/* Begin PBXSourcesBuildPhase section */
		136CA20F237E37B500312843 /* Sources */ = {
			isa = PBXSourcesBuildPhase;
			buildActionMask = 2147483647;
			files = (
				136CA218237E37B500312843 /* AppDelegate.m in Sources */,
				D2AACFB0238280ED000A4156 /* AlivcAppInfoViewController.m in Sources */,
				136CA229237E37B600312843 /* main.m in Sources */,
				D2AACFAD2382801B000A4156 /* ELCVFlowLayout.m in Sources */,
				D2AACFA423827D7F000A4156 /* AVC_ET_ModuleItemCCell.m in Sources */,
				61AA255027C72EDF00827D4F /* AliyunVideoConfig.m in Sources */,
				D2AACFA623827D7F000A4156 /* AVC_ET_ModuleDefine.m in Sources */,
				D2AACFA323827D7F000A4156 /* AlivcHomeViewController.m in Sources */,
			);
			runOnlyForDeploymentPostprocessing = 0;
		};
/* End PBXSourcesBuildPhase section */

/* Begin PBXVariantGroup section */
		2DBB3F27288E9A2E00F244FF /* FaceUnity.strings */ = {
			isa = PBXVariantGroup;
			children = (
				2DBB3F28288E9A2E00F244FF /* zh-Hans */,
				2DBB3F3C288E9A2F00F244FF /* en */,
			);
			name = FaceUnity.strings;
			sourceTree = "<group>";
		};
		D2AACFB2238289F2000A4156 /* Localizable.strings */ = {
			isa = PBXVariantGroup;
			children = (
				D2AACFB3238289F2000A4156 /* Base */,
				D2AACFB6238289F2000A4156 /* en */,
				D2AACFB9238289F2000A4156 /* zh-Hans */,
			);
			name = Localizable.strings;
			sourceTree = "<group>";
		};
		D2AACFB4238289F2000A4156 /* InfoPlist.strings */ = {
			isa = PBXVariantGroup;
			children = (
				D2AACFB5238289F2000A4156 /* en */,
				D2AACFB8238289F2000A4156 /* zh-Hans */,
			);
			name = InfoPlist.strings;
			sourceTree = "<group>";
		};
		D2AACFC3238291FE000A4156 /* LaunchScreen.storyboard */ = {
			isa = PBXVariantGroup;
			children = (
				D2AACFC4238291FE000A4156 /* Base */,
			);
			name = LaunchScreen.storyboard;
			sourceTree = "<group>";
		};
/* End PBXVariantGroup section */

/* Begin XCBuildConfiguration section */
		136CA22A237E37B600312843 /* Debug */ = {
			isa = XCBuildConfiguration;
			buildSettings = {
				ALWAYS_SEARCH_USER_PATHS = NO;
				CLANG_ANALYZER_NONNULL = YES;
				CLANG_ANALYZER_NUMBER_OBJECT_CONVERSION = YES_AGGRESSIVE;
				CLANG_CXX_LANGUAGE_STANDARD = "gnu++14";
				CLANG_CXX_LIBRARY = "libc++";
				CLANG_ENABLE_MODULES = YES;
				CLANG_ENABLE_OBJC_ARC = YES;
				CLANG_ENABLE_OBJC_WEAK = YES;
				CLANG_WARN_BLOCK_CAPTURE_AUTORELEASING = YES;
				CLANG_WARN_BOOL_CONVERSION = YES;
				CLANG_WARN_COMMA = YES;
				CLANG_WARN_CONSTANT_CONVERSION = YES;
				CLANG_WARN_DEPRECATED_OBJC_IMPLEMENTATIONS = YES;
				CLANG_WARN_DIRECT_OBJC_ISA_USAGE = YES_ERROR;
				CLANG_WARN_DOCUMENTATION_COMMENTS = YES;
				CLANG_WARN_EMPTY_BODY = YES;
				CLANG_WARN_ENUM_CONVERSION = YES;
				CLANG_WARN_INFINITE_RECURSION = YES;
				CLANG_WARN_INT_CONVERSION = YES;
				CLANG_WARN_NON_LITERAL_NULL_CONVERSION = YES;
				CLANG_WARN_OBJC_IMPLICIT_RETAIN_SELF = YES;
				CLANG_WARN_OBJC_LITERAL_CONVERSION = YES;
				CLANG_WARN_OBJC_ROOT_CLASS = YES_ERROR;
				CLANG_WARN_RANGE_LOOP_ANALYSIS = YES;
				CLANG_WARN_STRICT_PROTOTYPES = YES;
				CLANG_WARN_SUSPICIOUS_MOVE = YES;
				CLANG_WARN_UNGUARDED_AVAILABILITY = YES_AGGRESSIVE;
				CLANG_WARN_UNREACHABLE_CODE = YES;
				CLANG_WARN__DUPLICATE_METHOD_MATCH = YES;
				COPY_PHASE_STRIP = NO;
				DEBUG_INFORMATION_FORMAT = dwarf;
				ENABLE_STRICT_OBJC_MSGSEND = YES;
				ENABLE_TESTABILITY = YES;
				GCC_C_LANGUAGE_STANDARD = gnu11;
				GCC_DYNAMIC_NO_PIC = NO;
				GCC_NO_COMMON_BLOCKS = YES;
				GCC_OPTIMIZATION_LEVEL = 0;
				GCC_PREPROCESSOR_DEFINITIONS = (
					"DEBUG=1",
					"$(inherited)",
				);
				GCC_WARN_64_TO_32_BIT_CONVERSION = YES;
				GCC_WARN_ABOUT_RETURN_TYPE = YES_ERROR;
				GCC_WARN_UNDECLARED_SELECTOR = YES;
				GCC_WARN_UNINITIALIZED_AUTOS = YES_AGGRESSIVE;
				GCC_WARN_UNUSED_FUNCTION = YES;
				GCC_WARN_UNUSED_VARIABLE = YES;
				INFOPLIST_FILE = "";
				IPHONEOS_DEPLOYMENT_TARGET = 13.1;
				MTL_ENABLE_DEBUG_INFO = INCLUDE_SOURCE;
				MTL_FAST_MATH = YES;
				ONLY_ACTIVE_ARCH = YES;
				SDKROOT = iphoneos;
			};
			name = Debug;
		};
		136CA22B237E37B600312843 /* Release */ = {
			isa = XCBuildConfiguration;
			buildSettings = {
				ALWAYS_SEARCH_USER_PATHS = NO;
				CLANG_ANALYZER_NONNULL = YES;
				CLANG_ANALYZER_NUMBER_OBJECT_CONVERSION = YES_AGGRESSIVE;
				CLANG_CXX_LANGUAGE_STANDARD = "gnu++14";
				CLANG_CXX_LIBRARY = "libc++";
				CLANG_ENABLE_MODULES = YES;
				CLANG_ENABLE_OBJC_ARC = YES;
				CLANG_ENABLE_OBJC_WEAK = YES;
				CLANG_WARN_BLOCK_CAPTURE_AUTORELEASING = YES;
				CLANG_WARN_BOOL_CONVERSION = YES;
				CLANG_WARN_COMMA = YES;
				CLANG_WARN_CONSTANT_CONVERSION = YES;
				CLANG_WARN_DEPRECATED_OBJC_IMPLEMENTATIONS = YES;
				CLANG_WARN_DIRECT_OBJC_ISA_USAGE = YES_ERROR;
				CLANG_WARN_DOCUMENTATION_COMMENTS = YES;
				CLANG_WARN_EMPTY_BODY = YES;
				CLANG_WARN_ENUM_CONVERSION = YES;
				CLANG_WARN_INFINITE_RECURSION = YES;
				CLANG_WARN_INT_CONVERSION = YES;
				CLANG_WARN_NON_LITERAL_NULL_CONVERSION = YES;
				CLANG_WARN_OBJC_IMPLICIT_RETAIN_SELF = YES;
				CLANG_WARN_OBJC_LITERAL_CONVERSION = YES;
				CLANG_WARN_OBJC_ROOT_CLASS = YES_ERROR;
				CLANG_WARN_RANGE_LOOP_ANALYSIS = YES;
				CLANG_WARN_STRICT_PROTOTYPES = YES;
				CLANG_WARN_SUSPICIOUS_MOVE = YES;
				CLANG_WARN_UNGUARDED_AVAILABILITY = YES_AGGRESSIVE;
				CLANG_WARN_UNREACHABLE_CODE = YES;
				CLANG_WARN__DUPLICATE_METHOD_MATCH = YES;
				COPY_PHASE_STRIP = NO;
				DEBUG_INFORMATION_FORMAT = "dwarf-with-dsym";
				ENABLE_NS_ASSERTIONS = NO;
				ENABLE_STRICT_OBJC_MSGSEND = YES;
				GCC_C_LANGUAGE_STANDARD = gnu11;
				GCC_NO_COMMON_BLOCKS = YES;
				GCC_WARN_64_TO_32_BIT_CONVERSION = YES;
				GCC_WARN_ABOUT_RETURN_TYPE = YES_ERROR;
				GCC_WARN_UNDECLARED_SELECTOR = YES;
				GCC_WARN_UNINITIALIZED_AUTOS = YES_AGGRESSIVE;
				GCC_WARN_UNUSED_FUNCTION = YES;
				GCC_WARN_UNUSED_VARIABLE = YES;
				INFOPLIST_FILE = "";
				IPHONEOS_DEPLOYMENT_TARGET = 13.1;
				MTL_ENABLE_DEBUG_INFO = NO;
				MTL_FAST_MATH = YES;
				SDKROOT = iphoneos;
				VALIDATE_PRODUCT = YES;
			};
			name = Release;
		};
		136CA22D237E37B600312843 /* Debug */ = {
			isa = XCBuildConfiguration;
			baseConfigurationReference = 94794F27EB5821ECC06B929D /* Pods-AliyunVideoClient_Entrance.debug.xcconfig */;
			buildSettings = {
				ARCHS = "$(ARCHS_STANDARD)";
				ASSETCATALOG_COMPILER_APPICON_NAME = AppIcon;
				CLANG_ALLOW_NON_MODULAR_INCLUDES_IN_FRAMEWORK_MODULES = NO;
				CLANG_OPTIMIZATION_PROFILE_FILE = "AliyunVideoClient_Entrance/ProjectConfig/AliyunVideoClient_Entrance-Info.plist";
				CODE_SIGN_IDENTITY = "iPhone Developer";
				CODE_SIGN_STYLE = Manual;
				DEBUG_INFORMATION_FORMAT = "dwarf-with-dsym";
				DEVELOPMENT_TEAM = 35A6KD62ZJ;
				ENABLE_BITCODE = NO;
				FRAMEWORK_SEARCH_PATHS = (
					"$(inherited)",
					"\"${PODS_ROOT}/AFNetworking\"",
					"\"${PODS_ROOT}/AlivcConan\"",
					"\"${PODS_ROOT}/../AlivcCore\"",
					"\"${PODS_ROOT}/AliyunRace\"",
					"\"${PODS_ROOT}/FMDB\"",
					"\"${PODS_ROOT}/QuCore-ThirdParty/frameworks\"",
					"\"${PODS_ROOT}/UMCAnalytics\"",
					"\"${PODS_ROOT}/UMCCommon\"",
					"\"${PODS_ROOT}/VODUpload/frameworks\"",
				);
				INFOPLIST_FILE = "$(SRCROOT)/AliyunVideoClient_Entrance/ProjectConfig/AliyunVideoClient_Entrance-Info.plist";
				IPHONEOS_DEPLOYMENT_TARGET = 9.0;
				LD_RUNPATH_SEARCH_PATHS = "$(inherited) @executable_path/Frameworks";
				MARKETING_VERSION = 3.32.0;
				PRODUCT_BUNDLE_IDENTIFIER = com.gz.aliyunvideo.demo.solution;
				PRODUCT_NAME = "$(TARGET_NAME)";
				PROVISIONING_PROFILE_SPECIFIER = FUWildcard;
				TARGETED_DEVICE_FAMILY = 1;
				USER_HEADER_SEARCH_PATHS = "";
			};
			name = Debug;
		};
		136CA22E237E37B600312843 /* Release */ = {
			isa = XCBuildConfiguration;
			baseConfigurationReference = 9483244D912F79B1D1B4AF30 /* Pods-AliyunVideoClient_Entrance.release.xcconfig */;
			buildSettings = {
				ARCHS = "$(ARCHS_STANDARD)";
				ASSETCATALOG_COMPILER_APPICON_NAME = AppIcon;
				CLANG_ALLOW_NON_MODULAR_INCLUDES_IN_FRAMEWORK_MODULES = NO;
				CLANG_OPTIMIZATION_PROFILE_FILE = "AliyunVideoClient_Entrance/ProjectConfig/AliyunVideoClient_Entrance-Info.plist";
				CODE_SIGN_IDENTITY = "iPhone Developer";
				CODE_SIGN_STYLE = Manual;
				DEVELOPMENT_TEAM = 35A6KD62ZJ;
				ENABLE_BITCODE = NO;
				FRAMEWORK_SEARCH_PATHS = (
					"$(inherited)",
					"\"${PODS_ROOT}/AFNetworking\"",
					"\"${PODS_ROOT}/AlivcConan\"",
					"\"${PODS_ROOT}/../AlivcCore\"",
					"\"${PODS_ROOT}/AliyunRace\"",
					"\"${PODS_ROOT}/FMDB\"",
					"\"${PODS_ROOT}/QuCore-ThirdParty/frameworks\"",
					"\"${PODS_ROOT}/UMCAnalytics\"",
					"\"${PODS_ROOT}/UMCCommon\"",
					"\"${PODS_ROOT}/VODUpload/frameworks\"",
					"\"${BUILT_PRODUCTS_DIR}\"",
				);
				INFOPLIST_FILE = "$(SRCROOT)/AliyunVideoClient_Entrance/ProjectConfig/AliyunVideoClient_Entrance-Info.plist";
				IPHONEOS_DEPLOYMENT_TARGET = 9.0;
				LD_RUNPATH_SEARCH_PATHS = "$(inherited) @executable_path/Frameworks";
				MARKETING_VERSION = 3.32.0;
				PRODUCT_BUNDLE_IDENTIFIER = com.aliyun.apsaravideo;
				PRODUCT_NAME = "$(TARGET_NAME)";
				PROVISIONING_PROFILE_SPECIFIER = FUWildcard;
				TARGETED_DEVICE_FAMILY = 1;
				USER_HEADER_SEARCH_PATHS = "";
			};
			name = Release;
		};
/* End XCBuildConfiguration section */

/* Begin XCConfigurationList section */
		136CA20E237E37B500312843 /* Build configuration list for PBXProject "AliyunVideoClient_Entrance" */ = {
			isa = XCConfigurationList;
			buildConfigurations = (
				136CA22A237E37B600312843 /* Debug */,
				136CA22B237E37B600312843 /* Release */,
			);
			defaultConfigurationIsVisible = 0;
			defaultConfigurationName = Release;
		};
		136CA22C237E37B600312843 /* Build configuration list for PBXNativeTarget "AliyunVideoClient_Entrance" */ = {
			isa = XCConfigurationList;
			buildConfigurations = (
				136CA22D237E37B600312843 /* Debug */,
				136CA22E237E37B600312843 /* Release */,
			);
			defaultConfigurationIsVisible = 0;
			defaultConfigurationName = Release;
		};
/* End XCConfigurationList section */
	};
	rootObject = 136CA20B237E37B500312843 /* Project object */;
}
