// !$*UTF8*$!
{
	archiveVersion = 1;
	classes = {
	};
	objectVersion = 48;
	objects = {

/* Begin PBXBuildFile section */
		136CA218237E37B500312843 /* AppDelegate.m in Sources */ = {isa = PBXBuildFile; fileRef = 136CA217237E37B500312843 /* AppDelegate.m */; };
		136CA223237E37B600312843 /* Assets.xcassets in Resources */ = {isa = PBXBuildFile; fileRef = 136CA222237E37B600312843 /* Assets.xcassets */; };
		136CA229237E37B600312843 /* main.m in Sources */ = {isa = PBXBuildFile; fileRef = 136CA228237E37B600312843 /* main.m */; };
		2D6DFE2926492E3A0071A5F7 /* Media.xcassets in Resources */ = {isa = PBXBuildFile; fileRef = 2D6DFE2826492E390071A5F7 /* Media.xcassets */; };
		2D6DFE2C26492F090071A5F7 /* FUAPIDemoBar.xib in Resources */ = {isa = PBXBuildFile; fileRef = 2D6DFE2A26492F090071A5F7 /* FUAPIDemoBar.xib */; };
		2DF3A97E26492684008751D8 /* oumei.bundle in Resources */ = {isa = PBXBuildFile; fileRef = 2DF3A95926492684008751D8 /* oumei.bundle */; };
		2DF3A97F26492684008751D8 /* Rose.bundle in Resources */ = {isa = PBXBuildFile; fileRef = 2DF3A95A26492684008751D8 /* Rose.bundle */; };
		2DF3A98026492684008751D8 /* chaoA.bundle in Resources */ = {isa = PBXBuildFile; fileRef = 2DF3A95B26492684008751D8 /* chaoA.bundle */; };
		2DF3A98126492684008751D8 /* naicha.bundle in Resources */ = {isa = PBXBuildFile; fileRef = 2DF3A95C26492684008751D8 /* naicha.bundle */; };
		2DF3A98226492684008751D8 /* linjia.bundle in Resources */ = {isa = PBXBuildFile; fileRef = 2DF3A95D26492684008751D8 /* linjia.bundle */; };
		2DF3A98326492684008751D8 /* yanshimao.bundle in Resources */ = {isa = PBXBuildFile; fileRef = 2DF3A95E26492684008751D8 /* yanshimao.bundle */; };
		2DF3A98426492684008751D8 /* tianmei.bundle in Resources */ = {isa = PBXBuildFile; fileRef = 2DF3A95F26492684008751D8 /* tianmei.bundle */; };
		2DF3A98526492684008751D8 /* ziyun.bundle in Resources */ = {isa = PBXBuildFile; fileRef = 2DF3A96026492684008751D8 /* ziyun.bundle */; };
		2DF3A98626492684008751D8 /* chaomo.bundle in Resources */ = {isa = PBXBuildFile; fileRef = 2DF3A96126492684008751D8 /* chaomo.bundle */; };
		2DF3A98726492684008751D8 /* hongfeng.bundle in Resources */ = {isa = PBXBuildFile; fileRef = 2DF3A96226492684008751D8 /* hongfeng.bundle */; };
		2DF3A98826492684008751D8 /* jianling.bundle in Resources */ = {isa = PBXBuildFile; fileRef = 2DF3A96326492684008751D8 /* jianling.bundle */; };
		2DF3A98926492684008751D8 /* gangfeng.bundle in Resources */ = {isa = PBXBuildFile; fileRef = 2DF3A96426492684008751D8 /* gangfeng.bundle */; };
		2DF3A98A26492684008751D8 /* chuju.bundle in Resources */ = {isa = PBXBuildFile; fileRef = 2DF3A96526492684008751D8 /* chuju.bundle */; };
		2DF3A98B26492684008751D8 /* renyu.bundle in Resources */ = {isa = PBXBuildFile; fileRef = 2DF3A96626492684008751D8 /* renyu.bundle */; };
		2DF3A98C26492684008751D8 /* yanli.bundle in Resources */ = {isa = PBXBuildFile; fileRef = 2DF3A96726492684008751D8 /* yanli.bundle */; };
		2DF3A98D26492684008751D8 /* qianzhihe.bundle in Resources */ = {isa = PBXBuildFile; fileRef = 2DF3A96826492684008751D8 /* qianzhihe.bundle */; };
		2DF3A98E26492684008751D8 /* wumei.bundle in Resources */ = {isa = PBXBuildFile; fileRef = 2DF3A96926492684008751D8 /* wumei.bundle */; };
		2DF3A98F26492684008751D8 /* shaonv.bundle in Resources */ = {isa = PBXBuildFile; fileRef = 2DF3A96A26492684008751D8 /* shaonv.bundle */; };
		2DF3A99026492684008751D8 /* dousha.bundle in Resources */ = {isa = PBXBuildFile; fileRef = 2DF3A96B26492684008751D8 /* dousha.bundle */; };
		2DF3A99126492684008751D8 /* chuqiu.bundle in Resources */ = {isa = PBXBuildFile; fileRef = 2DF3A96C26492684008751D8 /* chuqiu.bundle */; };
		2DF3A99226492684008751D8 /* nuandong.bundle in Resources */ = {isa = PBXBuildFile; fileRef = 2DF3A96D26492684008751D8 /* nuandong.bundle */; };
		2DF3A99326492684008751D8 /* xinggan.bundle in Resources */ = {isa = PBXBuildFile; fileRef = 2DF3A96E26492684008751D8 /* xinggan.bundle */; };
		2DF3A99426492684008751D8 /* wobushi.bundle in Resources */ = {isa = PBXBuildFile; fileRef = 2DF3A97026492684008751D8 /* wobushi.bundle */; };
		2DF3A99526492684008751D8 /* gaoshiqing.bundle in Resources */ = {isa = PBXBuildFile; fileRef = 2DF3A97126492684008751D8 /* gaoshiqing.bundle */; };
		2DF3A99626492684008751D8 /* xueqiu_lm_fu.png in Resources */ = {isa = PBXBuildFile; fileRef = 2DF3A97226492684008751D8 /* xueqiu_lm_fu.png */; };
		2DF3A99726492684008751D8 /* fashi.bundle in Resources */ = {isa = PBXBuildFile; fileRef = 2DF3A97326492684008751D8 /* fashi.bundle */; };
		2DF3A99826492684008751D8 /* chri1.png in Resources */ = {isa = PBXBuildFile; fileRef = 2DF3A97426492684008751D8 /* chri1.png */; };
		2DF3A99926492684008751D8 /* gaoshiqing.png in Resources */ = {isa = PBXBuildFile; fileRef = 2DF3A97526492684008751D8 /* gaoshiqing.png */; };
		2DF3A99A26492684008751D8 /* sdlu.png in Resources */ = {isa = PBXBuildFile; fileRef = 2DF3A97626492684008751D8 /* sdlu.png */; };
		2DF3A99B26492684008751D8 /* sdlu.bundle in Resources */ = {isa = PBXBuildFile; fileRef = 2DF3A97726492684008751D8 /* sdlu.bundle */; };
		2DF3A99C26492684008751D8 /* wobushi.png in Resources */ = {isa = PBXBuildFile; fileRef = 2DF3A97826492684008751D8 /* wobushi.png */; };
		2DF3A99D26492684008751D8 /* xueqiu_lm_fu.bundle in Resources */ = {isa = PBXBuildFile; fileRef = 2DF3A97926492684008751D8 /* xueqiu_lm_fu.bundle */; };
		2DF3A99E26492684008751D8 /* fashi.png in Resources */ = {isa = PBXBuildFile; fileRef = 2DF3A97A26492684008751D8 /* fashi.png */; };
		2DF3A99F26492684008751D8 /* DaisyPig.png in Resources */ = {isa = PBXBuildFile; fileRef = 2DF3A97B26492684008751D8 /* DaisyPig.png */; };
		2DF3A9A026492684008751D8 /* chri1.bundle in Resources */ = {isa = PBXBuildFile; fileRef = 2DF3A97C26492684008751D8 /* chri1.bundle */; };
		2DF3A9A126492684008751D8 /* DaisyPig.bundle in Resources */ = {isa = PBXBuildFile; fileRef = 2DF3A97D26492684008751D8 /* DaisyPig.bundle */; };
		D2AACFA323827D7F000A4156 /* AlivcHomeViewController.m in Sources */ = {isa = PBXBuildFile; fileRef = D2AACF9923827D7F000A4156 /* AlivcHomeViewController.m */; };
		D2AACFA423827D7F000A4156 /* AVC_ET_ModuleItemCCell.m in Sources */ = {isa = PBXBuildFile; fileRef = D2AACF9C23827D7F000A4156 /* AVC_ET_ModuleItemCCell.m */; };
		D2AACFA523827D7F000A4156 /* AVC_ET_ModuleItemCCell.xib in Resources */ = {isa = PBXBuildFile; fileRef = D2AACF9D23827D7F000A4156 /* AVC_ET_ModuleItemCCell.xib */; };
		D2AACFA623827D7F000A4156 /* AVC_ET_ModuleDefine.m in Sources */ = {isa = PBXBuildFile; fileRef = D2AACFA023827D7F000A4156 /* AVC_ET_ModuleDefine.m */; };
		D2AACFAD2382801B000A4156 /* ELCVFlowLayout.m in Sources */ = {isa = PBXBuildFile; fileRef = D2AACFAC2382801B000A4156 /* ELCVFlowLayout.m */; };
		D2AACFB0238280ED000A4156 /* AlivcAppInfoViewController.m in Sources */ = {isa = PBXBuildFile; fileRef = D2AACFAE238280ED000A4156 /* AlivcAppInfoViewController.m */; };
		D2AACFBB238289F3000A4156 /* InfoPlist.strings in Resources */ = {isa = PBXBuildFile; fileRef = D2AACFB4238289F2000A4156 /* InfoPlist.strings */; };
		D2AACFBC238289F3000A4156 /* readMe_Resources.txt in Resources */ = {isa = PBXBuildFile; fileRef = D2AACFB7238289F2000A4156 /* readMe_Resources.txt */; };
		D2AACFC5238291FE000A4156 /* LaunchScreen.storyboard in Resources */ = {isa = PBXBuildFile; fileRef = D2AACFC3238291FE000A4156 /* LaunchScreen.storyboard */; };
		DE90D9934D73A90D1DE30981 /* libPods-AliyunVideoClient_Entrance.a in Frameworks */ = {isa = PBXBuildFile; fileRef = 0BB395D86FF623C17119FB36 /* libPods-AliyunVideoClient_Entrance.a */; };
		F302A21825C2A9AC00AAFAA2 /* mixbgimg2.png in Resources */ = {isa = PBXBuildFile; fileRef = F302A21625C2A9AB00AAFAA2 /* mixbgimg2.png */; };
		F302A21925C2A9AC00AAFAA2 /* mixbgimg1.png in Resources */ = {isa = PBXBuildFile; fileRef = F302A21725C2A9AC00AAFAA2 /* mixbgimg1.png */; };
/* End PBXBuildFile section */

/* Begin PBXCopyFilesBuildPhase section */
		2D8E9DED264546B100B801DF /* Embed Frameworks */ = {
			isa = PBXCopyFilesBuildPhase;
			buildActionMask = 2147483647;
			dstPath = "";
			dstSubfolderSpec = 10;
			files = (
			);
			name = "Embed Frameworks";
			runOnlyForDeploymentPostprocessing = 0;
		};
/* End PBXCopyFilesBuildPhase section */

/* Begin PBXFileReference section */
		0BB395D86FF623C17119FB36 /* libPods-AliyunVideoClient_Entrance.a */ = {isa = PBXFileReference; explicitFileType = archive.ar; includeInIndex = 0; path = "libPods-AliyunVideoClient_Entrance.a"; sourceTree = BUILT_PRODUCTS_DIR; };
		136CA213237E37B500312843 /* AliyunVideoClient_Entrance.app */ = {isa = PBXFileReference; explicitFileType = wrapper.application; includeInIndex = 0; path = AliyunVideoClient_Entrance.app; sourceTree = BUILT_PRODUCTS_DIR; };
		136CA216237E37B500312843 /* AppDelegate.h */ = {isa = PBXFileReference; lastKnownFileType = sourcecode.c.h; path = AppDelegate.h; sourceTree = "<group>"; };
		136CA217237E37B500312843 /* AppDelegate.m */ = {isa = PBXFileReference; lastKnownFileType = sourcecode.c.objc; path = AppDelegate.m; sourceTree = "<group>"; };
		136CA222237E37B600312843 /* Assets.xcassets */ = {isa = PBXFileReference; lastKnownFileType = folder.assetcatalog; path = Assets.xcassets; sourceTree = "<group>"; };
		136CA228237E37B600312843 /* main.m */ = {isa = PBXFileReference; lastKnownFileType = sourcecode.c.objc; path = main.m; sourceTree = "<group>"; };
		2D6DFE2826492E390071A5F7 /* Media.xcassets */ = {isa = PBXFileReference; lastKnownFileType = folder.assetcatalog; path = Media.xcassets; sourceTree = "<group>"; };
		2D6DFE2B26492F090071A5F7 /* Base */ = {isa = PBXFileReference; lastKnownFileType = file.xib; name = Base; path = AlivcRecord/AlivcRecord/Classes/Recording/Utilities/FaceUnity/FUAPIDemoBar/Base.lproj/FUAPIDemoBar.xib; sourceTree = "<group>"; };
		2DF3A95926492684008751D8 /* oumei.bundle */ = {isa = PBXFileReference; lastKnownFileType = file; path = oumei.bundle; sourceTree = "<group>"; };
		2DF3A95A26492684008751D8 /* Rose.bundle */ = {isa = PBXFileReference; lastKnownFileType = file; path = Rose.bundle; sourceTree = "<group>"; };
		2DF3A95B26492684008751D8 /* chaoA.bundle */ = {isa = PBXFileReference; lastKnownFileType = file; path = chaoA.bundle; sourceTree = "<group>"; };
		2DF3A95C26492684008751D8 /* naicha.bundle */ = {isa = PBXFileReference; lastKnownFileType = file; path = naicha.bundle; sourceTree = "<group>"; };
		2DF3A95D26492684008751D8 /* linjia.bundle */ = {isa = PBXFileReference; lastKnownFileType = file; path = linjia.bundle; sourceTree = "<group>"; };
		2DF3A95E26492684008751D8 /* yanshimao.bundle */ = {isa = PBXFileReference; lastKnownFileType = file; path = yanshimao.bundle; sourceTree = "<group>"; };
		2DF3A95F26492684008751D8 /* tianmei.bundle */ = {isa = PBXFileReference; lastKnownFileType = file; path = tianmei.bundle; sourceTree = "<group>"; };
		2DF3A96026492684008751D8 /* ziyun.bundle */ = {isa = PBXFileReference; lastKnownFileType = file; path = ziyun.bundle; sourceTree = "<group>"; };
		2DF3A96126492684008751D8 /* chaomo.bundle */ = {isa = PBXFileReference; lastKnownFileType = file; path = chaomo.bundle; sourceTree = "<group>"; };
		2DF3A96226492684008751D8 /* hongfeng.bundle */ = {isa = PBXFileReference; lastKnownFileType = file; path = hongfeng.bundle; sourceTree = "<group>"; };
		2DF3A96326492684008751D8 /* jianling.bundle */ = {isa = PBXFileReference; lastKnownFileType = file; path = jianling.bundle; sourceTree = "<group>"; };
		2DF3A96426492684008751D8 /* gangfeng.bundle */ = {isa = PBXFileReference; lastKnownFileType = file; path = gangfeng.bundle; sourceTree = "<group>"; };
		2DF3A96526492684008751D8 /* chuju.bundle */ = {isa = PBXFileReference; lastKnownFileType = file; path = chuju.bundle; sourceTree = "<group>"; };
		2DF3A96626492684008751D8 /* renyu.bundle */ = {isa = PBXFileReference; lastKnownFileType = file; path = renyu.bundle; sourceTree = "<group>"; };
		2DF3A96726492684008751D8 /* yanli.bundle */ = {isa = PBXFileReference; lastKnownFileType = file; path = yanli.bundle; sourceTree = "<group>"; };
		2DF3A96826492684008751D8 /* qianzhihe.bundle */ = {isa = PBXFileReference; lastKnownFileType = file; path = qianzhihe.bundle; sourceTree = "<group>"; };
		2DF3A96926492684008751D8 /* wumei.bundle */ = {isa = PBXFileReference; lastKnownFileType = file; path = wumei.bundle; sourceTree = "<group>"; };
		2DF3A96A26492684008751D8 /* shaonv.bundle */ = {isa = PBXFileReference; lastKnownFileType = file; path = shaonv.bundle; sourceTree = "<group>"; };
		2DF3A96B26492684008751D8 /* dousha.bundle */ = {isa = PBXFileReference; lastKnownFileType = file; path = dousha.bundle; sourceTree = "<group>"; };
		2DF3A96C26492684008751D8 /* chuqiu.bundle */ = {isa = PBXFileReference; lastKnownFileType = file; path = chuqiu.bundle; sourceTree = "<group>"; };
		2DF3A96D26492684008751D8 /* nuandong.bundle */ = {isa = PBXFileReference; lastKnownFileType = file; path = nuandong.bundle; sourceTree = "<group>"; };
		2DF3A96E26492684008751D8 /* xinggan.bundle */ = {isa = PBXFileReference; lastKnownFileType = file; path = xinggan.bundle; sourceTree = "<group>"; };
		2DF3A97026492684008751D8 /* wobushi.bundle */ = {isa = PBXFileReference; lastKnownFileType = file; path = wobushi.bundle; sourceTree = "<group>"; };
		2DF3A97126492684008751D8 /* gaoshiqing.bundle */ = {isa = PBXFileReference; lastKnownFileType = file; path = gaoshiqing.bundle; sourceTree = "<group>"; };
		2DF3A97226492684008751D8 /* xueqiu_lm_fu.png */ = {isa = PBXFileReference; lastKnownFileType = image.png; path = xueqiu_lm_fu.png; sourceTree = "<group>"; };
		2DF3A97326492684008751D8 /* fashi.bundle */ = {isa = PBXFileReference; lastKnownFileType = file; path = fashi.bundle; sourceTree = "<group>"; };
		2DF3A97426492684008751D8 /* chri1.png */ = {isa = PBXFileReference; lastKnownFileType = image.png; path = chri1.png; sourceTree = "<group>"; };
		2DF3A97526492684008751D8 /* gaoshiqing.png */ = {isa = PBXFileReference; lastKnownFileType = image.png; path = gaoshiqing.png; sourceTree = "<group>"; };
		2DF3A97626492684008751D8 /* sdlu.png */ = {isa = PBXFileReference; lastKnownFileType = image.png; path = sdlu.png; sourceTree = "<group>"; };
		2DF3A97726492684008751D8 /* sdlu.bundle */ = {isa = PBXFileReference; lastKnownFileType = file; path = sdlu.bundle; sourceTree = "<group>"; };
		2DF3A97826492684008751D8 /* wobushi.png */ = {isa = PBXFileReference; lastKnownFileType = image.png; path = wobushi.png; sourceTree = "<group>"; };
		2DF3A97926492684008751D8 /* xueqiu_lm_fu.bundle */ = {isa = PBXFileReference; lastKnownFileType = file; path = xueqiu_lm_fu.bundle; sourceTree = "<group>"; };
		2DF3A97A26492684008751D8 /* fashi.png */ = {isa = PBXFileReference; lastKnownFileType = image.png; path = fashi.png; sourceTree = "<group>"; };
		2DF3A97B26492684008751D8 /* DaisyPig.png */ = {isa = PBXFileReference; lastKnownFileType = image.png; path = DaisyPig.png; sourceTree = "<group>"; };
		2DF3A97C26492684008751D8 /* chri1.bundle */ = {isa = PBXFileReference; lastKnownFileType = file; path = chri1.bundle; sourceTree = "<group>"; };
		2DF3A97D26492684008751D8 /* DaisyPig.bundle */ = {isa = PBXFileReference; lastKnownFileType = file; path = DaisyPig.bundle; sourceTree = "<group>"; };
		91CDB2AD4A9072D94C369836 /* Pods-AliyunVideoClient_Entrance.debug.xcconfig */ = {isa = PBXFileReference; includeInIndex = 1; lastKnownFileType = text.xcconfig; name = "Pods-AliyunVideoClient_Entrance.debug.xcconfig"; path = "Pods/Target Support Files/Pods-AliyunVideoClient_Entrance/Pods-AliyunVideoClient_Entrance.debug.xcconfig"; sourceTree = "<group>"; };
		CE8D67DADBB07E52CC693DD9 /* Pods-AliyunVideoClient_Entrance.release.xcconfig */ = {isa = PBXFileReference; includeInIndex = 1; lastKnownFileType = text.xcconfig; name = "Pods-AliyunVideoClient_Entrance.release.xcconfig"; path = "Pods/Target Support Files/Pods-AliyunVideoClient_Entrance/Pods-AliyunVideoClient_Entrance.release.xcconfig"; sourceTree = "<group>"; };
		D13FC950251C4F5100F9343D /* AliyunVideoCore.framework */ = {isa = PBXFileReference; explicitFileType = wrapper.framework; path = AliyunVideoCore.framework; sourceTree = BUILT_PRODUCTS_DIR; };
		D2AACF9823827D7F000A4156 /* AlivcHomeViewController.h */ = {isa = PBXFileReference; fileEncoding = 4; lastKnownFileType = sourcecode.c.h; path = AlivcHomeViewController.h; sourceTree = "<group>"; };
		D2AACF9923827D7F000A4156 /* AlivcHomeViewController.m */ = {isa = PBXFileReference; fileEncoding = 4; lastKnownFileType = sourcecode.c.objc; path = AlivcHomeViewController.m; sourceTree = "<group>"; };
		D2AACF9B23827D7F000A4156 /* AVC_ET_ModuleItemCCell.h */ = {isa = PBXFileReference; fileEncoding = 4; lastKnownFileType = sourcecode.c.h; path = AVC_ET_ModuleItemCCell.h; sourceTree = "<group>"; };
		D2AACF9C23827D7F000A4156 /* AVC_ET_ModuleItemCCell.m */ = {isa = PBXFileReference; fileEncoding = 4; lastKnownFileType = sourcecode.c.objc; path = AVC_ET_ModuleItemCCell.m; sourceTree = "<group>"; };
		D2AACF9D23827D7F000A4156 /* AVC_ET_ModuleItemCCell.xib */ = {isa = PBXFileReference; fileEncoding = 4; lastKnownFileType = file.xib; path = AVC_ET_ModuleItemCCell.xib; sourceTree = "<group>"; };
		D2AACF9F23827D7F000A4156 /* AVC_ET_ModuleDefine.h */ = {isa = PBXFileReference; fileEncoding = 4; lastKnownFileType = sourcecode.c.h; path = AVC_ET_ModuleDefine.h; sourceTree = "<group>"; };
		D2AACFA023827D7F000A4156 /* AVC_ET_ModuleDefine.m */ = {isa = PBXFileReference; fileEncoding = 4; lastKnownFileType = sourcecode.c.objc; path = AVC_ET_ModuleDefine.m; sourceTree = "<group>"; };
		D2AACFAB2382801A000A4156 /* ELCVFlowLayout.h */ = {isa = PBXFileReference; fileEncoding = 4; lastKnownFileType = sourcecode.c.h; path = ELCVFlowLayout.h; sourceTree = "<group>"; };
		D2AACFAC2382801B000A4156 /* ELCVFlowLayout.m */ = {isa = PBXFileReference; fileEncoding = 4; lastKnownFileType = sourcecode.c.objc; path = ELCVFlowLayout.m; sourceTree = "<group>"; };
		D2AACFAE238280ED000A4156 /* AlivcAppInfoViewController.m */ = {isa = PBXFileReference; fileEncoding = 4; lastKnownFileType = sourcecode.c.objc; path = AlivcAppInfoViewController.m; sourceTree = "<group>"; };
		D2AACFAF238280ED000A4156 /* AlivcAppInfoViewController.h */ = {isa = PBXFileReference; fileEncoding = 4; lastKnownFileType = sourcecode.c.h; path = AlivcAppInfoViewController.h; sourceTree = "<group>"; };
		D2AACFB3238289F2000A4156 /* Base */ = {isa = PBXFileReference; lastKnownFileType = text.plist.strings; name = Base; path = Base.lproj/Localizable.strings; sourceTree = "<group>"; };
		D2AACFB5238289F2000A4156 /* en */ = {isa = PBXFileReference; lastKnownFileType = text.plist.strings; name = en; path = en.lproj/InfoPlist.strings; sourceTree = "<group>"; };
		D2AACFB6238289F2000A4156 /* en */ = {isa = PBXFileReference; lastKnownFileType = text.plist.strings; name = en; path = en.lproj/Localizable.strings; sourceTree = "<group>"; };
		D2AACFB7238289F2000A4156 /* readMe_Resources.txt */ = {isa = PBXFileReference; fileEncoding = 4; lastKnownFileType = text; path = readMe_Resources.txt; sourceTree = "<group>"; };
		D2AACFB8238289F2000A4156 /* zh-Hans */ = {isa = PBXFileReference; lastKnownFileType = text.plist.strings; name = "zh-Hans"; path = "zh-Hans.lproj/InfoPlist.strings"; sourceTree = "<group>"; };
		D2AACFB9238289F2000A4156 /* zh-Hans */ = {isa = PBXFileReference; lastKnownFileType = text.plist.strings; name = "zh-Hans"; path = "zh-Hans.lproj/Localizable.strings"; sourceTree = "<group>"; };
		D2AACFC4238291FE000A4156 /* Base */ = {isa = PBXFileReference; lastKnownFileType = file.storyboard; name = Base; path = Base.lproj/LaunchScreen.storyboard; sourceTree = "<group>"; };
		F302A21625C2A9AB00AAFAA2 /* mixbgimg2.png */ = {isa = PBXFileReference; lastKnownFileType = image.png; path = mixbgimg2.png; sourceTree = "<group>"; };
		F302A21725C2A9AC00AAFAA2 /* mixbgimg1.png */ = {isa = PBXFileReference; lastKnownFileType = image.png; path = mixbgimg1.png; sourceTree = "<group>"; };
/* End PBXFileReference section */

/* Begin PBXFrameworksBuildPhase section */
		136CA210237E37B500312843 /* Frameworks */ = {
			isa = PBXFrameworksBuildPhase;
			buildActionMask = 2147483647;
			files = (
				DE90D9934D73A90D1DE30981 /* libPods-AliyunVideoClient_Entrance.a in Frameworks */,
			);
			runOnlyForDeploymentPostprocessing = 0;
		};
/* End PBXFrameworksBuildPhase section */

/* Begin PBXGroup section */
		136CA20A237E37B500312843 = {
			isa = PBXGroup;
			children = (
				2D6DFE2A26492F090071A5F7 /* FUAPIDemoBar.xib */,
				136CA215237E37B500312843 /* AliyunVideoClient_Entrance */,
				136CA214237E37B500312843 /* Products */,
				1AE67B7DCCDC0875F25F5CC4 /* Pods */,
				3D6D1B5C27132E5D37D40AB3 /* Frameworks */,
			);
			sourceTree = "<group>";
		};
		136CA214237E37B500312843 /* Products */ = {
			isa = PBXGroup;
			children = (
				136CA213237E37B500312843 /* AliyunVideoClient_Entrance.app */,
			);
			name = Products;
			sourceTree = "<group>";
		};
		136CA215237E37B500312843 /* AliyunVideoClient_Entrance */ = {
			isa = PBXGroup;
			children = (
				D2AACFB1238289F2000A4156 /* Resources */,
				D2AACF9623827D2D000A4156 /* Home */,
				136CA216237E37B500312843 /* AppDelegate.h */,
				136CA217237E37B500312843 /* AppDelegate.m */,
				D2AACFC3238291FE000A4156 /* LaunchScreen.storyboard */,
				136CA222237E37B600312843 /* Assets.xcassets */,
				136CA228237E37B600312843 /* main.m */,
			);
			path = AliyunVideoClient_Entrance;
			sourceTree = "<group>";
		};
		1AE67B7DCCDC0875F25F5CC4 /* Pods */ = {
			isa = PBXGroup;
			children = (
				91CDB2AD4A9072D94C369836 /* Pods-AliyunVideoClient_Entrance.debug.xcconfig */,
				CE8D67DADBB07E52CC693DD9 /* Pods-AliyunVideoClient_Entrance.release.xcconfig */,
			);
			name = Pods;
			sourceTree = "<group>";
		};
		2DF3A95726492684008751D8 /* items */ = {
			isa = PBXGroup;
			children = (
				2DF3A95826492684008751D8 /* 美妆 */,
				2DF3A96F26492684008751D8 /* 贴纸 */,
			);
			path = items;
			sourceTree = "<group>";
		};
		2DF3A95826492684008751D8 /* 美妆 */ = {
			isa = PBXGroup;
			children = (
				2DF3A95926492684008751D8 /* oumei.bundle */,
				2DF3A95A26492684008751D8 /* Rose.bundle */,
				2DF3A95B26492684008751D8 /* chaoA.bundle */,
				2DF3A95C26492684008751D8 /* naicha.bundle */,
				2DF3A95D26492684008751D8 /* linjia.bundle */,
				2DF3A95E26492684008751D8 /* yanshimao.bundle */,
				2DF3A95F26492684008751D8 /* tianmei.bundle */,
				2DF3A96026492684008751D8 /* ziyun.bundle */,
				2DF3A96126492684008751D8 /* chaomo.bundle */,
				2DF3A96226492684008751D8 /* hongfeng.bundle */,
				2DF3A96326492684008751D8 /* jianling.bundle */,
				2DF3A96426492684008751D8 /* gangfeng.bundle */,
				2DF3A96526492684008751D8 /* chuju.bundle */,
				2DF3A96626492684008751D8 /* renyu.bundle */,
				2DF3A96726492684008751D8 /* yanli.bundle */,
				2DF3A96826492684008751D8 /* qianzhihe.bundle */,
				2DF3A96926492684008751D8 /* wumei.bundle */,
				2DF3A96A26492684008751D8 /* shaonv.bundle */,
				2DF3A96B26492684008751D8 /* dousha.bundle */,
				2DF3A96C26492684008751D8 /* chuqiu.bundle */,
				2DF3A96D26492684008751D8 /* nuandong.bundle */,
				2DF3A96E26492684008751D8 /* xinggan.bundle */,
			);
			path = "美妆";
			sourceTree = "<group>";
		};
		2DF3A96F26492684008751D8 /* 贴纸 */ = {
			isa = PBXGroup;
			children = (
				2DF3A97026492684008751D8 /* wobushi.bundle */,
				2DF3A97126492684008751D8 /* gaoshiqing.bundle */,
				2DF3A97226492684008751D8 /* xueqiu_lm_fu.png */,
				2DF3A97326492684008751D8 /* fashi.bundle */,
				2DF3A97426492684008751D8 /* chri1.png */,
				2DF3A97526492684008751D8 /* gaoshiqing.png */,
				2DF3A97626492684008751D8 /* sdlu.png */,
				2DF3A97726492684008751D8 /* sdlu.bundle */,
				2DF3A97826492684008751D8 /* wobushi.png */,
				2DF3A97926492684008751D8 /* xueqiu_lm_fu.bundle */,
				2DF3A97A26492684008751D8 /* fashi.png */,
				2DF3A97B26492684008751D8 /* DaisyPig.png */,
				2DF3A97C26492684008751D8 /* chri1.bundle */,
				2DF3A97D26492684008751D8 /* DaisyPig.bundle */,
			);
			path = "贴纸";
			sourceTree = "<group>";
		};
		3D6D1B5C27132E5D37D40AB3 /* Frameworks */ = {
			isa = PBXGroup;
			children = (
				D13FC950251C4F5100F9343D /* AliyunVideoCore.framework */,
				0BB395D86FF623C17119FB36 /* libPods-AliyunVideoClient_Entrance.a */,
			);
			name = Frameworks;
			sourceTree = "<group>";
		};
		D2AACF9623827D2D000A4156 /* Home */ = {
			isa = PBXGroup;
			children = (
				D2AACF9723827D7F000A4156 /* Controllers */,
				D2AACF9E23827D7F000A4156 /* Models */,
				D2AACF9A23827D7F000A4156 /* View */,
			);
			path = Home;
			sourceTree = "<group>";
		};
		D2AACF9723827D7F000A4156 /* Controllers */ = {
			isa = PBXGroup;
			children = (
				D2AACFAF238280ED000A4156 /* AlivcAppInfoViewController.h */,
				D2AACFAE238280ED000A4156 /* AlivcAppInfoViewController.m */,
				D2AACF9823827D7F000A4156 /* AlivcHomeViewController.h */,
				D2AACF9923827D7F000A4156 /* AlivcHomeViewController.m */,
			);
			path = Controllers;
			sourceTree = "<group>";
		};
		D2AACF9A23827D7F000A4156 /* View */ = {
			isa = PBXGroup;
			children = (
				D2AACFAB2382801A000A4156 /* ELCVFlowLayout.h */,
				D2AACFAC2382801B000A4156 /* ELCVFlowLayout.m */,
				D2AACF9B23827D7F000A4156 /* AVC_ET_ModuleItemCCell.h */,
				D2AACF9C23827D7F000A4156 /* AVC_ET_ModuleItemCCell.m */,
				D2AACF9D23827D7F000A4156 /* AVC_ET_ModuleItemCCell.xib */,
			);
			path = View;
			sourceTree = "<group>";
		};
		D2AACF9E23827D7F000A4156 /* Models */ = {
			isa = PBXGroup;
			children = (
				D2AACF9F23827D7F000A4156 /* AVC_ET_ModuleDefine.h */,
				D2AACFA023827D7F000A4156 /* AVC_ET_ModuleDefine.m */,
			);
			path = Models;
			sourceTree = "<group>";
		};
		D2AACFB1238289F2000A4156 /* Resources */ = {
			isa = PBXGroup;
			children = (
				2D6DFE2826492E390071A5F7 /* Media.xcassets */,
				2DF3A95726492684008751D8 /* items */,
				F302A21725C2A9AC00AAFAA2 /* mixbgimg1.png */,
				F302A21625C2A9AB00AAFAA2 /* mixbgimg2.png */,
				D2AACFB2238289F2000A4156 /* Localizable.strings */,
				D2AACFB4238289F2000A4156 /* InfoPlist.strings */,
				D2AACFB7238289F2000A4156 /* readMe_Resources.txt */,
			);
			path = Resources;
			sourceTree = "<group>";
		};
/* End PBXGroup section */

/* Begin PBXNativeTarget section */
		136CA212237E37B500312843 /* AliyunVideoClient_Entrance */ = {
			isa = PBXNativeTarget;
			buildConfigurationList = 136CA22C237E37B600312843 /* Build configuration list for PBXNativeTarget "AliyunVideoClient_Entrance" */;
			buildPhases = (
				14A03B418EA07F0E3EAD1CF3 /* [CP] Check Pods Manifest.lock */,
				136CA20F237E37B500312843 /* Sources */,
				136CA210237E37B500312843 /* Frameworks */,
				136CA211237E37B500312843 /* Resources */,
				C7E1D8A5E88FF4C80FB7367C /* [CP] Copy Pods Resources */,
				744E6EE732FA287BBDB7BAE1 /* [CP] Embed Pods Frameworks */,
				2D8E9DED264546B100B801DF /* Embed Frameworks */,
			);
			buildRules = (
			);
			dependencies = (
			);
			name = AliyunVideoClient_Entrance;
			productName = AliyunVideoClient_Entrance;
			productReference = 136CA213237E37B500312843 /* AliyunVideoClient_Entrance.app */;
			productType = "com.apple.product-type.application";
		};
/* End PBXNativeTarget section */

/* Begin PBXProject section */
		136CA20B237E37B500312843 /* Project object */ = {
			isa = PBXProject;
			attributes = {
				LastUpgradeCheck = 1110;
				ORGANIZATIONNAME = Aliyun;
				TargetAttributes = {
					136CA212237E37B500312843 = {
						CreatedOnToolsVersion = 11.1;
						ProvisioningStyle = Manual;
					};
				};
			};
			buildConfigurationList = 136CA20E237E37B500312843 /* Build configuration list for PBXProject "AliyunVideoClient_Entrance" */;
			compatibilityVersion = "Xcode 8.0";
			developmentRegion = en;
			hasScannedForEncodings = 0;
			knownRegions = (
				en,
				Base,
				"zh-Hans",
			);
			mainGroup = 136CA20A237E37B500312843;
			productRefGroup = 136CA214237E37B500312843 /* Products */;
			projectDirPath = "";
			projectRoot = "";
			targets = (
				136CA212237E37B500312843 /* AliyunVideoClient_Entrance */,
			);
		};
/* End PBXProject section */

/* Begin PBXResourcesBuildPhase section */
		136CA211237E37B500312843 /* Resources */ = {
			isa = PBXResourcesBuildPhase;
			buildActionMask = 2147483647;
			files = (
				2D6DFE2C26492F090071A5F7 /* FUAPIDemoBar.xib in Resources */,
				2DF3A98326492684008751D8 /* yanshimao.bundle in Resources */,
				2DF3A98C26492684008751D8 /* yanli.bundle in Resources */,
				2DF3A98826492684008751D8 /* jianling.bundle in Resources */,
				F302A21825C2A9AC00AAFAA2 /* mixbgimg2.png in Resources */,
				D2AACFBB238289F3000A4156 /* InfoPlist.strings in Resources */,
				2DF3A99C26492684008751D8 /* wobushi.png in Resources */,
				2DF3A98F26492684008751D8 /* shaonv.bundle in Resources */,
				2DF3A99B26492684008751D8 /* sdlu.bundle in Resources */,
				2DF3A98E26492684008751D8 /* wumei.bundle in Resources */,
				2DF3A98026492684008751D8 /* chaoA.bundle in Resources */,
				2DF3A97F26492684008751D8 /* Rose.bundle in Resources */,
				2DF3A99F26492684008751D8 /* DaisyPig.png in Resources */,
				2DF3A98526492684008751D8 /* ziyun.bundle in Resources */,
				2DF3A98126492684008751D8 /* naicha.bundle in Resources */,
				D2AACFBC238289F3000A4156 /* readMe_Resources.txt in Resources */,
				2DF3A98A26492684008751D8 /* chuju.bundle in Resources */,
				2DF3A97E26492684008751D8 /* oumei.bundle in Resources */,
				2DF3A98D26492684008751D8 /* qianzhihe.bundle in Resources */,
				2DF3A99526492684008751D8 /* gaoshiqing.bundle in Resources */,
				2DF3A99926492684008751D8 /* gaoshiqing.png in Resources */,
				2DF3A99026492684008751D8 /* dousha.bundle in Resources */,
				D2AACFC5238291FE000A4156 /* LaunchScreen.storyboard in Resources */,
				2DF3A99626492684008751D8 /* xueqiu_lm_fu.png in Resources */,
				2DF3A98B26492684008751D8 /* renyu.bundle in Resources */,
				2DF3A99326492684008751D8 /* xinggan.bundle in Resources */,
				2DF3A9A026492684008751D8 /* chri1.bundle in Resources */,
				2DF3A98926492684008751D8 /* gangfeng.bundle in Resources */,
				2DF3A98226492684008751D8 /* linjia.bundle in Resources */,
				2DF3A99426492684008751D8 /* wobushi.bundle in Resources */,
				2DF3A98726492684008751D8 /* hongfeng.bundle in Resources */,
				2DF3A99826492684008751D8 /* chri1.png in Resources */,
				F302A21925C2A9AC00AAFAA2 /* mixbgimg1.png in Resources */,
				2DF3A99D26492684008751D8 /* xueqiu_lm_fu.bundle in Resources */,
				2DF3A98626492684008751D8 /* chaomo.bundle in Resources */,
				2DF3A9A126492684008751D8 /* DaisyPig.bundle in Resources */,
				2DF3A99A26492684008751D8 /* sdlu.png in Resources */,
				2DF3A99126492684008751D8 /* chuqiu.bundle in Resources */,
				2DF3A98426492684008751D8 /* tianmei.bundle in Resources */,
				2D6DFE2926492E3A0071A5F7 /* Media.xcassets in Resources */,
				2DF3A99226492684008751D8 /* nuandong.bundle in Resources */,
				2DF3A99726492684008751D8 /* fashi.bundle in Resources */,
				2DF3A99E26492684008751D8 /* fashi.png in Resources */,
				D2AACFA523827D7F000A4156 /* AVC_ET_ModuleItemCCell.xib in Resources */,
				136CA223237E37B600312843 /* Assets.xcassets in Resources */,
			);
			runOnlyForDeploymentPostprocessing = 0;
		};
/* End PBXResourcesBuildPhase section */

/* Begin PBXShellScriptBuildPhase section */
		14A03B418EA07F0E3EAD1CF3 /* [CP] Check Pods Manifest.lock */ = {
			isa = PBXShellScriptBuildPhase;
			buildActionMask = 2147483647;
			files = (
			);
			inputPaths = (
				"${PODS_PODFILE_DIR_PATH}/Podfile.lock",
				"${PODS_ROOT}/Manifest.lock",
			);
			name = "[CP] Check Pods Manifest.lock";
			outputPaths = (
				"$(DERIVED_FILE_DIR)/Pods-AliyunVideoClient_Entrance-checkManifestLockResult.txt",
			);
			runOnlyForDeploymentPostprocessing = 0;
			shellPath = /bin/sh;
			shellScript = "diff \"${PODS_PODFILE_DIR_PATH}/Podfile.lock\" \"${PODS_ROOT}/Manifest.lock\" > /dev/null\nif [ $? != 0 ] ; then\n    # print error to STDERR\n    echo \"error: The sandbox is not in sync with the Podfile.lock. Run 'pod install' or update your CocoaPods installation.\" >&2\n    exit 1\nfi\n# This output is used by Xcode 'outputs' to avoid re-running this script phase.\necho \"SUCCESS\" > \"${SCRIPT_OUTPUT_FILE_0}\"\n";
			showEnvVarsInLog = 0;
		};
		744E6EE732FA287BBDB7BAE1 /* [CP] Embed Pods Frameworks */ = {
			isa = PBXShellScriptBuildPhase;
			buildActionMask = 2147483647;
			files = (
			);
			inputPaths = (
				"${PODS_ROOT}/Target Support Files/Pods-AliyunVideoClient_Entrance/Pods-AliyunVideoClient_Entrance-frameworks.sh",
				"${PODS_ROOT}/AlivcConan/AlivcConan.framework",
				"${PODS_ROOT}/AliyunRace/AliyunRace.framework",
				"${PODS_ROOT}/AliyunRace/Face3D.framework",
				"${PODS_ROOT}/AliyunRace/opencv2.framework",
				"${PODS_ROOT}/AliyunVideoSDKPro/AliyunVideoCore.framework",
				"${PODS_ROOT}/FURenderKit/FURenderKit.framework",
				"${PODS_ROOT}/QuCore-ThirdParty/frameworks/alivcffmpeg.framework",
			);
			name = "[CP] Embed Pods Frameworks";
			outputPaths = (
				"${TARGET_BUILD_DIR}/${FRAMEWORKS_FOLDER_PATH}/AlivcConan.framework",
				"${TARGET_BUILD_DIR}/${FRAMEWORKS_FOLDER_PATH}/AliyunRace.framework",
				"${TARGET_BUILD_DIR}/${FRAMEWORKS_FOLDER_PATH}/Face3D.framework",
				"${TARGET_BUILD_DIR}/${FRAMEWORKS_FOLDER_PATH}/opencv2.framework",
				"${TARGET_BUILD_DIR}/${FRAMEWORKS_FOLDER_PATH}/AliyunVideoCore.framework",
				"${TARGET_BUILD_DIR}/${FRAMEWORKS_FOLDER_PATH}/FURenderKit.framework",
				"${TARGET_BUILD_DIR}/${FRAMEWORKS_FOLDER_PATH}/alivcffmpeg.framework",
			);
			runOnlyForDeploymentPostprocessing = 0;
			shellPath = /bin/sh;
			shellScript = "\"${PODS_ROOT}/Target Support Files/Pods-AliyunVideoClient_Entrance/Pods-AliyunVideoClient_Entrance-frameworks.sh\"\n";
			showEnvVarsInLog = 0;
		};
		C7E1D8A5E88FF4C80FB7367C /* [CP] Copy Pods Resources */ = {
			isa = PBXShellScriptBuildPhase;
			buildActionMask = 2147483647;
			files = (
			);
			inputPaths = (
				"${PODS_ROOT}/Target Support Files/Pods-AliyunVideoClient_Entrance/Pods-AliyunVideoClient_Entrance-resources.sh",
				"${PODS_ROOT}/../AlivcCore/AlivcCore/Assets/ShortVideoResource/LocalAnimationEffects.json",
				"${PODS_ROOT}/../AlivcCore/AlivcCore/Assets/ShortVideoResource/LocalCaption.json",
				"${PODS_ROOT}/../AlivcCore/AlivcCore/Assets/ShortVideoResource/LocalFilter.json",
				"${PODS_ROOT}/../AlivcCore/AlivcCore/Assets/ShortVideoResource/LocalFont.json",
				"${PODS_ROOT}/../AlivcCore/AlivcCore/Assets/ShortVideoResource/LocalFont_ios8.json",
				"${PODS_ROOT}/../AlivcCore/AlivcCore/Assets/ShortVideoResource/LocalMV.json",
				"${PODS_ROOT}/../AlivcCore/AlivcCore/Assets/ShortVideoResource/LocalPaster.json",
				"${PODS_ROOT}/../AlivcCore/AlivcCore/Assets/ShortVideoResource/tail.png",
				"${PODS_ROOT}/../AlivcCore/AlivcCore/Assets/ShortVideoResource/watermark.png",
				"${PODS_ROOT}/../AlivcCore/AlivcCore/Assets/ShortVideoResource/Animation_Effects",
				"${PODS_ROOT}/../AlivcCore/AlivcCore/Assets/ShortVideoResource/Caption",
				"${PODS_ROOT}/../AlivcCore/AlivcCore/Assets/ShortVideoResource/Face_Sticker",
				"${PODS_ROOT}/../AlivcCore/AlivcCore/Assets/ShortVideoResource/Filter",
				"${PODS_ROOT}/../AlivcCore/AlivcCore/Assets/ShortVideoResource/MV",
				"${PODS_ROOT}/../AlivcCore/AlivcCore/Assets/ShortVideoResource/Sticker",
				"${PODS_CONFIGURATION_BUILD_DIR}/AlivcCore/AlivcCore.bundle",
				"${PODS_CONFIGURATION_BUILD_DIR}/AlivcCrop/AlivcCropBasic.bundle",
				"${PODS_CONFIGURATION_BUILD_DIR}/AlivcEdit/AlivcEdit.bundle",
				"${PODS_ROOT}/../AlivcRace/AlivcRace/Assets/AlivcIconBeauty@2x.png",
				"${PODS_ROOT}/../AlivcRace/AlivcRace/Assets/AlivcIconBeauty@3x.png",
				"${PODS_ROOT}/../AlivcRace/AlivcRace/Assets/alivc_triangle@2x.png",
				"${PODS_ROOT}/../AlivcRace/AlivcRace/Assets/alivc_triangle@3x.png",
				"${PODS_ROOT}/../AlivcRace/AlivcRace/Assets/avcBackIcon@2x.png",
				"${PODS_ROOT}/../AlivcRace/AlivcRace/Assets/avcBackIcon@3x.png",
				"${PODS_ROOT}/../AlivcRace/AlivcRace/Assets/beauty@2x.png",
				"${PODS_ROOT}/../AlivcRace/AlivcRace/Assets/beauty@3xpng.png",
				"${PODS_ROOT}/../AlivcRace/AlivcRace/Assets/bg_btn_image@2x.png",
				"${PODS_ROOT}/../AlivcRace/AlivcRace/Assets/bg_btn_image@3x.png",
				"${PODS_ROOT}/../AlivcRace/AlivcRace/Assets/bg_btn_image_selected@2x.png",
				"${PODS_ROOT}/../AlivcRace/AlivcRace/Assets/bg_btn_image_selected@3x.png",
				"${PODS_ROOT}/../AlivcRace/AlivcRace/Assets/default.metallib",
				"${PODS_ROOT}/../AlivcRace/AlivcRace/Assets/ic_ cheekbone@2x.png",
				"${PODS_ROOT}/../AlivcRace/AlivcRace/Assets/ic_ cheekbone@3x.png",
				"${PODS_ROOT}/../AlivcRace/AlivcRace/Assets/ic_adjust@2x.png",
				"${PODS_ROOT}/../AlivcRace/AlivcRace/Assets/ic_adjust@3x.png",
				"${PODS_ROOT}/../AlivcRace/AlivcRace/Assets/ic_beauty_white@2x.png",
				"${PODS_ROOT}/../AlivcRace/AlivcRace/Assets/ic_beauty_white@3x.png",
				"${PODS_ROOT}/../AlivcRace/AlivcRace/Assets/ic_bigeye@2x.png",
				"${PODS_ROOT}/../AlivcRace/AlivcRace/Assets/ic_bigeye@3x.png",
				"${PODS_ROOT}/../AlivcRace/AlivcRace/Assets/ic_buffing@2x.png",
				"${PODS_ROOT}/../AlivcRace/AlivcRace/Assets/ic_buffing@3x.png",
				"${PODS_ROOT}/../AlivcRace/AlivcRace/Assets/ic_chin@2x.png",
				"${PODS_ROOT}/../AlivcRace/AlivcRace/Assets/ic_chin@3x.png",
				"${PODS_ROOT}/../AlivcRace/AlivcRace/Assets/ic_face_height@2x.png",
				"${PODS_ROOT}/../AlivcRace/AlivcRace/Assets/ic_face_height@3xpng.png",
				"${PODS_ROOT}/../AlivcRace/AlivcRace/Assets/ic_face_red@2x.png",
				"${PODS_ROOT}/../AlivcRace/AlivcRace/Assets/ic_face_red@3x.png",
				"${PODS_ROOT}/../AlivcRace/AlivcRace/Assets/ic_face_width@2x.png",
				"${PODS_ROOT}/../AlivcRace/AlivcRace/Assets/ic_face_width@3x.png",
				"${PODS_ROOT}/../AlivcRace/AlivcRace/Assets/ic_jaw@2x.png",
				"${PODS_ROOT}/../AlivcRace/AlivcRace/Assets/ic_jaw@3x.png",
				"${PODS_ROOT}/../AlivcRace/AlivcRace/Assets/ic_lips_width@2x.png",
				"${PODS_ROOT}/../AlivcRace/AlivcRace/Assets/ic_lips_width@3x.png",
				"${PODS_ROOT}/../AlivcRace/AlivcRace/Assets/ic_reset@2x.png",
				"${PODS_ROOT}/../AlivcRace/AlivcRace/Assets/ic_reset@3x.png",
				"${PODS_ROOT}/../AlivcRace/AlivcRace/Assets/ic_Ruddy@2x.png",
				"${PODS_ROOT}/../AlivcRace/AlivcRace/Assets/ic_Ruddy@3x.png",
				"${PODS_ROOT}/../AlivcRace/AlivcRace/Assets/ic_shorface@2x.png",
				"${PODS_ROOT}/../AlivcRace/AlivcRace/Assets/ic_shorface@3x.png",
				"${PODS_ROOT}/../AlivcRace/AlivcRace/Assets/ic_slimface@2x.png",
				"${PODS_ROOT}/../AlivcRace/AlivcRace/Assets/ic_slimface@3x.png",
				"${PODS_ROOT}/../AlivcRace/AlivcRace/Assets/ic_thin_nose@2x.png",
				"${PODS_ROOT}/../AlivcRace/AlivcRace/Assets/ic_thin_nose@3x.png",
				"${PODS_ROOT}/../AlivcRace/AlivcRace/Assets/shaderf.fsh",
				"${PODS_ROOT}/../AlivcRace/AlivcRace/Assets/shaderPointf.fsh",
				"${PODS_ROOT}/../AlivcRace/AlivcRace/Assets/shaderPointv.vsh",
				"${PODS_ROOT}/../AlivcRace/AlivcRace/Assets/shaderv.vsh",
				"${PODS_ROOT}/../AlivcRace/AlivcRace/Assets/shaderYUV.fsh",
				"${PODS_ROOT}/../AlivcRace/AlivcRace/Assets/shaderYUV.vsh",
				"${PODS_ROOT}/../AlivcRace/AlivcRace/Assets/shortVideo_beautySkin@2x.png",
				"${PODS_ROOT}/../AlivcRace/AlivcRace/Assets/shortVideo_beautySkin@3x.png",
				"${PODS_ROOT}/../AlivcRace/AlivcRace/Assets/shortVideo_cameraid@2x.png",
				"${PODS_ROOT}/../AlivcRace/AlivcRace/Assets/shortVideo_cameraid@3x.png",
				"${PODS_CONFIGURATION_BUILD_DIR}/AlivcRecord/AlivcRecord.bundle",
				"${PODS_ROOT}/AliyunVideoSDKPro/AliyunVideoSDKPro.bundle",
				"${PODS_ROOT}/FURenderKit/Resources/graphics/body_slim.bundle",
				"${PODS_ROOT}/FURenderKit/Resources/graphics/controller_cpp.bundle",
				"${PODS_ROOT}/FURenderKit/Resources/graphics/face_beautification.bundle",
				"${PODS_ROOT}/FURenderKit/Resources/graphics/face_makeup.bundle",
				"${PODS_ROOT}/FURenderKit/Resources/graphics/fuzzytoonfilter.bundle",
				"${PODS_ROOT}/FURenderKit/Resources/graphics/fxaa.bundle",
				"${PODS_ROOT}/FURenderKit/Resources/graphics/tongue.bundle",
				"${PODS_ROOT}/FURenderKit/Resources/model/ai_bgseg_green.bundle",
				"${PODS_ROOT}/FURenderKit/Resources/model/ai_face_processor.bundle",
				"${PODS_ROOT}/FURenderKit/Resources/model/ai_face_processor_lite.bundle",
				"${PODS_ROOT}/FURenderKit/Resources/model/ai_hairseg.bundle",
				"${PODS_ROOT}/FURenderKit/Resources/model/ai_hand_processor.bundle",
				"${PODS_ROOT}/FURenderKit/Resources/model/ai_human_processor.bundle",
				"${PODS_ROOT}/FURenderKit/Resources/model/ai_human_processor_mb_fast.bundle",
				"${PODS_ROOT}/SVProgressHUD/SVProgressHUD/SVProgressHUD.bundle",
			);
			name = "[CP] Copy Pods Resources";
			outputPaths = (
				"${TARGET_BUILD_DIR}/${UNLOCALIZED_RESOURCES_FOLDER_PATH}/LocalAnimationEffects.json",
				"${TARGET_BUILD_DIR}/${UNLOCALIZED_RESOURCES_FOLDER_PATH}/LocalCaption.json",
				"${TARGET_BUILD_DIR}/${UNLOCALIZED_RESOURCES_FOLDER_PATH}/LocalFilter.json",
				"${TARGET_BUILD_DIR}/${UNLOCALIZED_RESOURCES_FOLDER_PATH}/LocalFont.json",
				"${TARGET_BUILD_DIR}/${UNLOCALIZED_RESOURCES_FOLDER_PATH}/LocalFont_ios8.json",
				"${TARGET_BUILD_DIR}/${UNLOCALIZED_RESOURCES_FOLDER_PATH}/LocalMV.json",
				"${TARGET_BUILD_DIR}/${UNLOCALIZED_RESOURCES_FOLDER_PATH}/LocalPaster.json",
				"${TARGET_BUILD_DIR}/${UNLOCALIZED_RESOURCES_FOLDER_PATH}/tail.png",
				"${TARGET_BUILD_DIR}/${UNLOCALIZED_RESOURCES_FOLDER_PATH}/watermark.png",
				"${TARGET_BUILD_DIR}/${UNLOCALIZED_RESOURCES_FOLDER_PATH}/Animation_Effects",
				"${TARGET_BUILD_DIR}/${UNLOCALIZED_RESOURCES_FOLDER_PATH}/Caption",
				"${TARGET_BUILD_DIR}/${UNLOCALIZED_RESOURCES_FOLDER_PATH}/Face_Sticker",
				"${TARGET_BUILD_DIR}/${UNLOCALIZED_RESOURCES_FOLDER_PATH}/Filter",
				"${TARGET_BUILD_DIR}/${UNLOCALIZED_RESOURCES_FOLDER_PATH}/MV",
				"${TARGET_BUILD_DIR}/${UNLOCALIZED_RESOURCES_FOLDER_PATH}/Sticker",
				"${TARGET_BUILD_DIR}/${UNLOCALIZED_RESOURCES_FOLDER_PATH}/AlivcCore.bundle",
				"${TARGET_BUILD_DIR}/${UNLOCALIZED_RESOURCES_FOLDER_PATH}/AlivcCropBasic.bundle",
				"${TARGET_BUILD_DIR}/${UNLOCALIZED_RESOURCES_FOLDER_PATH}/AlivcEdit.bundle",
				"${TARGET_BUILD_DIR}/${UNLOCALIZED_RESOURCES_FOLDER_PATH}/AlivcIconBeauty@2x.png",
				"${TARGET_BUILD_DIR}/${UNLOCALIZED_RESOURCES_FOLDER_PATH}/AlivcIconBeauty@3x.png",
				"${TARGET_BUILD_DIR}/${UNLOCALIZED_RESOURCES_FOLDER_PATH}/alivc_triangle@2x.png",
				"${TARGET_BUILD_DIR}/${UNLOCALIZED_RESOURCES_FOLDER_PATH}/alivc_triangle@3x.png",
				"${TARGET_BUILD_DIR}/${UNLOCALIZED_RESOURCES_FOLDER_PATH}/avcBackIcon@2x.png",
				"${TARGET_BUILD_DIR}/${UNLOCALIZED_RESOURCES_FOLDER_PATH}/avcBackIcon@3x.png",
				"${TARGET_BUILD_DIR}/${UNLOCALIZED_RESOURCES_FOLDER_PATH}/beauty@2x.png",
				"${TARGET_BUILD_DIR}/${UNLOCALIZED_RESOURCES_FOLDER_PATH}/beauty@3xpng.png",
				"${TARGET_BUILD_DIR}/${UNLOCALIZED_RESOURCES_FOLDER_PATH}/bg_btn_image@2x.png",
				"${TARGET_BUILD_DIR}/${UNLOCALIZED_RESOURCES_FOLDER_PATH}/bg_btn_image@3x.png",
				"${TARGET_BUILD_DIR}/${UNLOCALIZED_RESOURCES_FOLDER_PATH}/bg_btn_image_selected@2x.png",
				"${TARGET_BUILD_DIR}/${UNLOCALIZED_RESOURCES_FOLDER_PATH}/bg_btn_image_selected@3x.png",
				"${TARGET_BUILD_DIR}/${UNLOCALIZED_RESOURCES_FOLDER_PATH}/default.metallib",
				"${TARGET_BUILD_DIR}/${UNLOCALIZED_RESOURCES_FOLDER_PATH}/ic_ cheekbone@2x.png",
				"${TARGET_BUILD_DIR}/${UNLOCALIZED_RESOURCES_FOLDER_PATH}/ic_ cheekbone@3x.png",
				"${TARGET_BUILD_DIR}/${UNLOCALIZED_RESOURCES_FOLDER_PATH}/ic_adjust@2x.png",
				"${TARGET_BUILD_DIR}/${UNLOCALIZED_RESOURCES_FOLDER_PATH}/ic_adjust@3x.png",
				"${TARGET_BUILD_DIR}/${UNLOCALIZED_RESOURCES_FOLDER_PATH}/ic_beauty_white@2x.png",
				"${TARGET_BUILD_DIR}/${UNLOCALIZED_RESOURCES_FOLDER_PATH}/ic_beauty_white@3x.png",
				"${TARGET_BUILD_DIR}/${UNLOCALIZED_RESOURCES_FOLDER_PATH}/ic_bigeye@2x.png",
				"${TARGET_BUILD_DIR}/${UNLOCALIZED_RESOURCES_FOLDER_PATH}/ic_bigeye@3x.png",
				"${TARGET_BUILD_DIR}/${UNLOCALIZED_RESOURCES_FOLDER_PATH}/ic_buffing@2x.png",
				"${TARGET_BUILD_DIR}/${UNLOCALIZED_RESOURCES_FOLDER_PATH}/ic_buffing@3x.png",
				"${TARGET_BUILD_DIR}/${UNLOCALIZED_RESOURCES_FOLDER_PATH}/ic_chin@2x.png",
				"${TARGET_BUILD_DIR}/${UNLOCALIZED_RESOURCES_FOLDER_PATH}/ic_chin@3x.png",
				"${TARGET_BUILD_DIR}/${UNLOCALIZED_RESOURCES_FOLDER_PATH}/ic_face_height@2x.png",
				"${TARGET_BUILD_DIR}/${UNLOCALIZED_RESOURCES_FOLDER_PATH}/ic_face_height@3xpng.png",
				"${TARGET_BUILD_DIR}/${UNLOCALIZED_RESOURCES_FOLDER_PATH}/ic_face_red@2x.png",
				"${TARGET_BUILD_DIR}/${UNLOCALIZED_RESOURCES_FOLDER_PATH}/ic_face_red@3x.png",
				"${TARGET_BUILD_DIR}/${UNLOCALIZED_RESOURCES_FOLDER_PATH}/ic_face_width@2x.png",
				"${TARGET_BUILD_DIR}/${UNLOCALIZED_RESOURCES_FOLDER_PATH}/ic_face_width@3x.png",
				"${TARGET_BUILD_DIR}/${UNLOCALIZED_RESOURCES_FOLDER_PATH}/ic_jaw@2x.png",
				"${TARGET_BUILD_DIR}/${UNLOCALIZED_RESOURCES_FOLDER_PATH}/ic_jaw@3x.png",
				"${TARGET_BUILD_DIR}/${UNLOCALIZED_RESOURCES_FOLDER_PATH}/ic_lips_width@2x.png",
				"${TARGET_BUILD_DIR}/${UNLOCALIZED_RESOURCES_FOLDER_PATH}/ic_lips_width@3x.png",
				"${TARGET_BUILD_DIR}/${UNLOCALIZED_RESOURCES_FOLDER_PATH}/ic_reset@2x.png",
				"${TARGET_BUILD_DIR}/${UNLOCALIZED_RESOURCES_FOLDER_PATH}/ic_reset@3x.png",
				"${TARGET_BUILD_DIR}/${UNLOCALIZED_RESOURCES_FOLDER_PATH}/ic_Ruddy@2x.png",
				"${TARGET_BUILD_DIR}/${UNLOCALIZED_RESOURCES_FOLDER_PATH}/ic_Ruddy@3x.png",
				"${TARGET_BUILD_DIR}/${UNLOCALIZED_RESOURCES_FOLDER_PATH}/ic_shorface@2x.png",
				"${TARGET_BUILD_DIR}/${UNLOCALIZED_RESOURCES_FOLDER_PATH}/ic_shorface@3x.png",
				"${TARGET_BUILD_DIR}/${UNLOCALIZED_RESOURCES_FOLDER_PATH}/ic_slimface@2x.png",
				"${TARGET_BUILD_DIR}/${UNLOCALIZED_RESOURCES_FOLDER_PATH}/ic_slimface@3x.png",
				"${TARGET_BUILD_DIR}/${UNLOCALIZED_RESOURCES_FOLDER_PATH}/ic_thin_nose@2x.png",
				"${TARGET_BUILD_DIR}/${UNLOCALIZED_RESOURCES_FOLDER_PATH}/ic_thin_nose@3x.png",
				"${TARGET_BUILD_DIR}/${UNLOCALIZED_RESOURCES_FOLDER_PATH}/shaderf.fsh",
				"${TARGET_BUILD_DIR}/${UNLOCALIZED_RESOURCES_FOLDER_PATH}/shaderPointf.fsh",
				"${TARGET_BUILD_DIR}/${UNLOCALIZED_RESOURCES_FOLDER_PATH}/shaderPointv.vsh",
				"${TARGET_BUILD_DIR}/${UNLOCALIZED_RESOURCES_FOLDER_PATH}/shaderv.vsh",
				"${TARGET_BUILD_DIR}/${UNLOCALIZED_RESOURCES_FOLDER_PATH}/shaderYUV.fsh",
				"${TARGET_BUILD_DIR}/${UNLOCALIZED_RESOURCES_FOLDER_PATH}/shaderYUV.vsh",
				"${TARGET_BUILD_DIR}/${UNLOCALIZED_RESOURCES_FOLDER_PATH}/shortVideo_beautySkin@2x.png",
				"${TARGET_BUILD_DIR}/${UNLOCALIZED_RESOURCES_FOLDER_PATH}/shortVideo_beautySkin@3x.png",
				"${TARGET_BUILD_DIR}/${UNLOCALIZED_RESOURCES_FOLDER_PATH}/shortVideo_cameraid@2x.png",
				"${TARGET_BUILD_DIR}/${UNLOCALIZED_RESOURCES_FOLDER_PATH}/shortVideo_cameraid@3x.png",
				"${TARGET_BUILD_DIR}/${UNLOCALIZED_RESOURCES_FOLDER_PATH}/AlivcRecord.bundle",
				"${TARGET_BUILD_DIR}/${UNLOCALIZED_RESOURCES_FOLDER_PATH}/AliyunVideoSDKPro.bundle",
				"${TARGET_BUILD_DIR}/${UNLOCALIZED_RESOURCES_FOLDER_PATH}/body_slim.bundle",
				"${TARGET_BUILD_DIR}/${UNLOCALIZED_RESOURCES_FOLDER_PATH}/controller_cpp.bundle",
				"${TARGET_BUILD_DIR}/${UNLOCALIZED_RESOURCES_FOLDER_PATH}/face_beautification.bundle",
				"${TARGET_BUILD_DIR}/${UNLOCALIZED_RESOURCES_FOLDER_PATH}/face_makeup.bundle",
				"${TARGET_BUILD_DIR}/${UNLOCALIZED_RESOURCES_FOLDER_PATH}/fuzzytoonfilter.bundle",
				"${TARGET_BUILD_DIR}/${UNLOCALIZED_RESOURCES_FOLDER_PATH}/fxaa.bundle",
				"${TARGET_BUILD_DIR}/${UNLOCALIZED_RESOURCES_FOLDER_PATH}/tongue.bundle",
				"${TARGET_BUILD_DIR}/${UNLOCALIZED_RESOURCES_FOLDER_PATH}/ai_bgseg_green.bundle",
				"${TARGET_BUILD_DIR}/${UNLOCALIZED_RESOURCES_FOLDER_PATH}/ai_face_processor.bundle",
				"${TARGET_BUILD_DIR}/${UNLOCALIZED_RESOURCES_FOLDER_PATH}/ai_face_processor_lite.bundle",
				"${TARGET_BUILD_DIR}/${UNLOCALIZED_RESOURCES_FOLDER_PATH}/ai_hairseg.bundle",
				"${TARGET_BUILD_DIR}/${UNLOCALIZED_RESOURCES_FOLDER_PATH}/ai_hand_processor.bundle",
				"${TARGET_BUILD_DIR}/${UNLOCALIZED_RESOURCES_FOLDER_PATH}/ai_human_processor.bundle",
				"${TARGET_BUILD_DIR}/${UNLOCALIZED_RESOURCES_FOLDER_PATH}/ai_human_processor_mb_fast.bundle",
				"${TARGET_BUILD_DIR}/${UNLOCALIZED_RESOURCES_FOLDER_PATH}/SVProgressHUD.bundle",
			);
			runOnlyForDeploymentPostprocessing = 0;
			shellPath = /bin/sh;
			shellScript = "\"${PODS_ROOT}/Target Support Files/Pods-AliyunVideoClient_Entrance/Pods-AliyunVideoClient_Entrance-resources.sh\"\n";
			showEnvVarsInLog = 0;
		};
/* End PBXShellScriptBuildPhase section */

/* Begin PBXSourcesBuildPhase section */
		136CA20F237E37B500312843 /* Sources */ = {
			isa = PBXSourcesBuildPhase;
			buildActionMask = 2147483647;
			files = (
				136CA218237E37B500312843 /* AppDelegate.m in Sources */,
				D2AACFB0238280ED000A4156 /* AlivcAppInfoViewController.m in Sources */,
				136CA229237E37B600312843 /* main.m in Sources */,
				D2AACFAD2382801B000A4156 /* ELCVFlowLayout.m in Sources */,
				D2AACFA423827D7F000A4156 /* AVC_ET_ModuleItemCCell.m in Sources */,
				D2AACFA623827D7F000A4156 /* AVC_ET_ModuleDefine.m in Sources */,
				D2AACFA323827D7F000A4156 /* AlivcHomeViewController.m in Sources */,
			);
			runOnlyForDeploymentPostprocessing = 0;
		};
/* End PBXSourcesBuildPhase section */

/* Begin PBXVariantGroup section */
		2D6DFE2A26492F090071A5F7 /* FUAPIDemoBar.xib */ = {
			isa = PBXVariantGroup;
			children = (
				2D6DFE2B26492F090071A5F7 /* Base */,
			);
			name = FUAPIDemoBar.xib;
			sourceTree = "<group>";
		};
		D2AACFB2238289F2000A4156 /* Localizable.strings */ = {
			isa = PBXVariantGroup;
			children = (
				D2AACFB3238289F2000A4156 /* Base */,
				D2AACFB6238289F2000A4156 /* en */,
				D2AACFB9238289F2000A4156 /* zh-Hans */,
			);
			name = Localizable.strings;
			sourceTree = "<group>";
		};
		D2AACFB4238289F2000A4156 /* InfoPlist.strings */ = {
			isa = PBXVariantGroup;
			children = (
				D2AACFB5238289F2000A4156 /* en */,
				D2AACFB8238289F2000A4156 /* zh-Hans */,
			);
			name = InfoPlist.strings;
			sourceTree = "<group>";
		};
		D2AACFC3238291FE000A4156 /* LaunchScreen.storyboard */ = {
			isa = PBXVariantGroup;
			children = (
				D2AACFC4238291FE000A4156 /* Base */,
			);
			name = LaunchScreen.storyboard;
			sourceTree = "<group>";
		};
/* End PBXVariantGroup section */

/* Begin XCBuildConfiguration section */
		136CA22A237E37B600312843 /* Debug */ = {
			isa = XCBuildConfiguration;
			buildSettings = {
				ALWAYS_SEARCH_USER_PATHS = NO;
				CLANG_ANALYZER_NONNULL = YES;
				CLANG_ANALYZER_NUMBER_OBJECT_CONVERSION = YES_AGGRESSIVE;
				CLANG_CXX_LANGUAGE_STANDARD = "gnu++14";
				CLANG_CXX_LIBRARY = "libc++";
				CLANG_ENABLE_MODULES = YES;
				CLANG_ENABLE_OBJC_ARC = YES;
				CLANG_ENABLE_OBJC_WEAK = YES;
				CLANG_WARN_BLOCK_CAPTURE_AUTORELEASING = YES;
				CLANG_WARN_BOOL_CONVERSION = YES;
				CLANG_WARN_COMMA = YES;
				CLANG_WARN_CONSTANT_CONVERSION = YES;
				CLANG_WARN_DEPRECATED_OBJC_IMPLEMENTATIONS = YES;
				CLANG_WARN_DIRECT_OBJC_ISA_USAGE = YES_ERROR;
				CLANG_WARN_DOCUMENTATION_COMMENTS = YES;
				CLANG_WARN_EMPTY_BODY = YES;
				CLANG_WARN_ENUM_CONVERSION = YES;
				CLANG_WARN_INFINITE_RECURSION = YES;
				CLANG_WARN_INT_CONVERSION = YES;
				CLANG_WARN_NON_LITERAL_NULL_CONVERSION = YES;
				CLANG_WARN_OBJC_IMPLICIT_RETAIN_SELF = YES;
				CLANG_WARN_OBJC_LITERAL_CONVERSION = YES;
				CLANG_WARN_OBJC_ROOT_CLASS = YES_ERROR;
				CLANG_WARN_RANGE_LOOP_ANALYSIS = YES;
				CLANG_WARN_STRICT_PROTOTYPES = YES;
				CLANG_WARN_SUSPICIOUS_MOVE = YES;
				CLANG_WARN_UNGUARDED_AVAILABILITY = YES_AGGRESSIVE;
				CLANG_WARN_UNREACHABLE_CODE = YES;
				CLANG_WARN__DUPLICATE_METHOD_MATCH = YES;
				COPY_PHASE_STRIP = NO;
				DEBUG_INFORMATION_FORMAT = dwarf;
				ENABLE_STRICT_OBJC_MSGSEND = YES;
				ENABLE_TESTABILITY = YES;
				GCC_C_LANGUAGE_STANDARD = gnu11;
				GCC_DYNAMIC_NO_PIC = NO;
				GCC_NO_COMMON_BLOCKS = YES;
				GCC_OPTIMIZATION_LEVEL = 0;
				GCC_PREPROCESSOR_DEFINITIONS = (
					"DEBUG=1",
					"$(inherited)",
				);
				GCC_WARN_64_TO_32_BIT_CONVERSION = YES;
				GCC_WARN_ABOUT_RETURN_TYPE = YES_ERROR;
				GCC_WARN_UNDECLARED_SELECTOR = YES;
				GCC_WARN_UNINITIALIZED_AUTOS = YES_AGGRESSIVE;
				GCC_WARN_UNUSED_FUNCTION = YES;
				GCC_WARN_UNUSED_VARIABLE = YES;
				INFOPLIST_FILE = "";
				IPHONEOS_DEPLOYMENT_TARGET = 13.1;
				MTL_ENABLE_DEBUG_INFO = INCLUDE_SOURCE;
				MTL_FAST_MATH = YES;
				ONLY_ACTIVE_ARCH = YES;
				SDKROOT = iphoneos;
			};
			name = Debug;
		};
		136CA22B237E37B600312843 /* Release */ = {
			isa = XCBuildConfiguration;
			buildSettings = {
				ALWAYS_SEARCH_USER_PATHS = NO;
				CLANG_ANALYZER_NONNULL = YES;
				CLANG_ANALYZER_NUMBER_OBJECT_CONVERSION = YES_AGGRESSIVE;
				CLANG_CXX_LANGUAGE_STANDARD = "gnu++14";
				CLANG_CXX_LIBRARY = "libc++";
				CLANG_ENABLE_MODULES = YES;
				CLANG_ENABLE_OBJC_ARC = YES;
				CLANG_ENABLE_OBJC_WEAK = YES;
				CLANG_WARN_BLOCK_CAPTURE_AUTORELEASING = YES;
				CLANG_WARN_BOOL_CONVERSION = YES;
				CLANG_WARN_COMMA = YES;
				CLANG_WARN_CONSTANT_CONVERSION = YES;
				CLANG_WARN_DEPRECATED_OBJC_IMPLEMENTATIONS = YES;
				CLANG_WARN_DIRECT_OBJC_ISA_USAGE = YES_ERROR;
				CLANG_WARN_DOCUMENTATION_COMMENTS = YES;
				CLANG_WARN_EMPTY_BODY = YES;
				CLANG_WARN_ENUM_CONVERSION = YES;
				CLANG_WARN_INFINITE_RECURSION = YES;
				CLANG_WARN_INT_CONVERSION = YES;
				CLANG_WARN_NON_LITERAL_NULL_CONVERSION = YES;
				CLANG_WARN_OBJC_IMPLICIT_RETAIN_SELF = YES;
				CLANG_WARN_OBJC_LITERAL_CONVERSION = YES;
				CLANG_WARN_OBJC_ROOT_CLASS = YES_ERROR;
				CLANG_WARN_RANGE_LOOP_ANALYSIS = YES;
				CLANG_WARN_STRICT_PROTOTYPES = YES;
				CLANG_WARN_SUSPICIOUS_MOVE = YES;
				CLANG_WARN_UNGUARDED_AVAILABILITY = YES_AGGRESSIVE;
				CLANG_WARN_UNREACHABLE_CODE = YES;
				CLANG_WARN__DUPLICATE_METHOD_MATCH = YES;
				COPY_PHASE_STRIP = NO;
				DEBUG_INFORMATION_FORMAT = "dwarf-with-dsym";
				ENABLE_NS_ASSERTIONS = NO;
				ENABLE_STRICT_OBJC_MSGSEND = YES;
				GCC_C_LANGUAGE_STANDARD = gnu11;
				GCC_NO_COMMON_BLOCKS = YES;
				GCC_WARN_64_TO_32_BIT_CONVERSION = YES;
				GCC_WARN_ABOUT_RETURN_TYPE = YES_ERROR;
				GCC_WARN_UNDECLARED_SELECTOR = YES;
				GCC_WARN_UNINITIALIZED_AUTOS = YES_AGGRESSIVE;
				GCC_WARN_UNUSED_FUNCTION = YES;
				GCC_WARN_UNUSED_VARIABLE = YES;
				INFOPLIST_FILE = "";
				IPHONEOS_DEPLOYMENT_TARGET = 13.1;
				MTL_ENABLE_DEBUG_INFO = NO;
				MTL_FAST_MATH = YES;
				SDKROOT = iphoneos;
				VALIDATE_PRODUCT = YES;
			};
			name = Release;
		};
		136CA22D237E37B600312843 /* Debug */ = {
			isa = XCBuildConfiguration;
			baseConfigurationReference = 91CDB2AD4A9072D94C369836 /* Pods-AliyunVideoClient_Entrance.debug.xcconfig */;
			buildSettings = {
				ASSETCATALOG_COMPILER_APPICON_NAME = AppIcon;
				CLANG_ALLOW_NON_MODULAR_INCLUDES_IN_FRAMEWORK_MODULES = NO;
				CLANG_OPTIMIZATION_PROFILE_FILE = "AliyunVideoClient_Entrance/ProjectConfig/AliyunVideoClient_Entrance-Info.plist";
				CODE_SIGN_IDENTITY = "iPhone Developer";
				CODE_SIGN_STYLE = Manual;
				DEBUG_INFORMATION_FORMAT = "dwarf-with-dsym";
				DEVELOPMENT_TEAM = 35A6KD62ZJ;
				ENABLE_BITCODE = NO;
				FRAMEWORK_SEARCH_PATHS = "$(inherited)";
				GCC_PRECOMPILE_PREFIX_HEADER = NO;
				GCC_PREFIX_HEADER = "";
				INFOPLIST_FILE = "$(SRCROOT)/AliyunVideoClient_Entrance/ProjectConfig/AliyunVideoClient_Entrance-Info.plist";
				IPHONEOS_DEPLOYMENT_TARGET = 9.0;
				LD_RUNPATH_SEARCH_PATHS = "$(inherited) @executable_path/Frameworks";
				LIBRARY_SEARCH_PATHS = (
					"$(inherited)",
					"\"${PODS_CONFIGURATION_BUILD_DIR}/AFNetworking\"",
					"\"${PODS_CONFIGURATION_BUILD_DIR}/AlivcCommon\"",
					"\"${PODS_CONFIGURATION_BUILD_DIR}/AlivcCore\"",
					"\"${PODS_CONFIGURATION_BUILD_DIR}/AlivcCrop\"",
					"\"${PODS_CONFIGURATION_BUILD_DIR}/AlivcEdit\"",
					"\"${PODS_CONFIGURATION_BUILD_DIR}/AlivcRace\"",
					"\"${PODS_CONFIGURATION_BUILD_DIR}/AlivcRecord\"",
					"\"${PODS_CONFIGURATION_BUILD_DIR}/AliyunOSSiOS\"",
					"\"${PODS_CONFIGURATION_BUILD_DIR}/FMDB\"",
					"\"${PODS_CONFIGURATION_BUILD_DIR}/JSONModel\"",
					"\"${PODS_CONFIGURATION_BUILD_DIR}/MBProgressHUD\"",
					"\"${PODS_CONFIGURATION_BUILD_DIR}/Masonry\"",
					"\"${PODS_CONFIGURATION_BUILD_DIR}/SDWebImage\"",
					"\"${PODS_CONFIGURATION_BUILD_DIR}/SVProgressHUD\"",
					"\"${PODS_CONFIGURATION_BUILD_DIR}/ZipArchive\"",
					"\"${PODS_CONFIGURATION_BUILD_DIR}/FaceUnity\"",
				);
				MARKETING_VERSION = 3.21.0;
				PRODUCT_BUNDLE_IDENTIFIER = com.aliyunvideo.fudemo;
				PRODUCT_NAME = "$(TARGET_NAME)";
				PROVISIONING_PROFILE_SPECIFIER = FUWildcard;
				TARGETED_DEVICE_FAMILY = 1;
				USER_HEADER_SEARCH_PATHS = "";
			};
			name = Debug;
		};
		136CA22E237E37B600312843 /* Release */ = {
			isa = XCBuildConfiguration;
			baseConfigurationReference = CE8D67DADBB07E52CC693DD9 /* Pods-AliyunVideoClient_Entrance.release.xcconfig */;
			buildSettings = {
				ASSETCATALOG_COMPILER_APPICON_NAME = AppIcon;
				CLANG_ALLOW_NON_MODULAR_INCLUDES_IN_FRAMEWORK_MODULES = NO;
				CLANG_OPTIMIZATION_PROFILE_FILE = "AliyunVideoClient_Entrance/ProjectConfig/AliyunVideoClient_Entrance-Info.plist";
				CODE_SIGN_IDENTITY = "iPhone Developer";
				CODE_SIGN_STYLE = Manual;
				DEVELOPMENT_TEAM = 35A6KD62ZJ;
				ENABLE_BITCODE = NO;
				FRAMEWORK_SEARCH_PATHS = "$(inherited)";
				GCC_PRECOMPILE_PREFIX_HEADER = NO;
				GCC_PREFIX_HEADER = "";
				INFOPLIST_FILE = "$(SRCROOT)/AliyunVideoClient_Entrance/ProjectConfig/AliyunVideoClient_Entrance-Info.plist";
				IPHONEOS_DEPLOYMENT_TARGET = 9.0;
				LD_RUNPATH_SEARCH_PATHS = "$(inherited) @executable_path/Frameworks";
				LIBRARY_SEARCH_PATHS = (
					"$(inherited)",
					"\"${PODS_CONFIGURATION_BUILD_DIR}/AFNetworking\"",
					"\"${PODS_CONFIGURATION_BUILD_DIR}/AlivcCommon\"",
					"\"${PODS_CONFIGURATION_BUILD_DIR}/AlivcCore\"",
					"\"${PODS_CONFIGURATION_BUILD_DIR}/AlivcCrop\"",
					"\"${PODS_CONFIGURATION_BUILD_DIR}/AlivcEdit\"",
					"\"${PODS_CONFIGURATION_BUILD_DIR}/AlivcRace\"",
					"\"${PODS_CONFIGURATION_BUILD_DIR}/AlivcRecord\"",
					"\"${PODS_CONFIGURATION_BUILD_DIR}/AliyunOSSiOS\"",
					"\"${PODS_CONFIGURATION_BUILD_DIR}/FMDB\"",
					"\"${PODS_CONFIGURATION_BUILD_DIR}/JSONModel\"",
					"\"${PODS_CONFIGURATION_BUILD_DIR}/MBProgressHUD\"",
					"\"${PODS_CONFIGURATION_BUILD_DIR}/Masonry\"",
					"\"${PODS_CONFIGURATION_BUILD_DIR}/SDWebImage\"",
					"\"${PODS_CONFIGURATION_BUILD_DIR}/SVProgressHUD\"",
					"\"${PODS_CONFIGURATION_BUILD_DIR}/ZipArchive\"",
					"\"${PODS_CONFIGURATION_BUILD_DIR}/FaceUnity\"",
				);
				MARKETING_VERSION = 3.21.0;
				PRODUCT_BUNDLE_IDENTIFIER = com.aliyun.apsaravideo;
				PRODUCT_NAME = "$(TARGET_NAME)";
				PROVISIONING_PROFILE_SPECIFIER = FUWildcard;
				TARGETED_DEVICE_FAMILY = 1;
				USER_HEADER_SEARCH_PATHS = "";
			};
			name = Release;
		};
/* End XCBuildConfiguration section */

/* Begin XCConfigurationList section */
		136CA20E237E37B500312843 /* Build configuration list for PBXProject "AliyunVideoClient_Entrance" */ = {
			isa = XCConfigurationList;
			buildConfigurations = (
				136CA22A237E37B600312843 /* Debug */,
				136CA22B237E37B600312843 /* Release */,
			);
			defaultConfigurationIsVisible = 0;
			defaultConfigurationName = Release;
		};
		136CA22C237E37B600312843 /* Build configuration list for PBXNativeTarget "AliyunVideoClient_Entrance" */ = {
			isa = XCConfigurationList;
			buildConfigurations = (
				136CA22D237E37B600312843 /* Debug */,
				136CA22E237E37B600312843 /* Release */,
			);
			defaultConfigurationIsVisible = 0;
			defaultConfigurationName = Release;
		};
/* End XCConfigurationList section */
	};
	rootObject = 136CA20B237E37B500312843 /* Project object */;
}
